// !$*UTF8*$!
{
	archiveVersion = 1;
	classes = {
	};
	objectVersion = 46;
	objects = {

/* Begin PBXBuildFile section */
		8DFA57511A217A730062041D /* ABCrashLog.h in Headers */ = {isa = PBXBuildFile; fileRef = 8DFA57501A217A730062041D /* ABCrashLog.h */; settings = {ATTRIBUTES = (Public, ); }; };
		8DFA57571A217A730062041D /* ABCrashLog.framework in Frameworks */ = {isa = PBXBuildFile; fileRef = 8DFA574B1A217A730062041D /* ABCrashLog.framework */; };
		8DFA575E1A217A730062041D /* ABCrashLogTests.swift in Sources */ = {isa = PBXBuildFile; fileRef = 8DFA575D1A217A730062041D /* ABCrashLogTests.swift */; };
		8DFA57681A217A960062041D /* ABCrashLog.swift in Sources */ = {isa = PBXBuildFile; fileRef = 8DFA57671A217A960062041D /* ABCrashLog.swift */; };
/* End PBXBuildFile section */

/* Begin PBXContainerItemProxy section */
		8DFA57581A217A730062041D /* PBXContainerItemProxy */ = {
			isa = PBXContainerItemProxy;
			containerPortal = 8DFA57421A217A730062041D /* Project object */;
			proxyType = 1;
			remoteGlobalIDString = 8DFA574A1A217A730062041D;
			remoteInfo = ABCrashLog;
		};
/* End PBXContainerItemProxy section */

/* Begin PBXFileReference section */
		8DFA574B1A217A730062041D /* ABCrashLog.framework */ = {isa = PBXFileReference; explicitFileType = wrapper.framework; includeInIndex = 0; path = ABCrashLog.framework; sourceTree = BUILT_PRODUCTS_DIR; };
		8DFA574F1A217A730062041D /* Info.plist */ = {isa = PBXFileReference; lastKnownFileType = text.plist.xml; path = Info.plist; sourceTree = "<group>"; };
		8DFA57501A217A730062041D /* ABCrashLog.h */ = {isa = PBXFileReference; lastKnownFileType = sourcecode.c.h; path = ABCrashLog.h; sourceTree = "<group>"; };
		8DFA57561A217A730062041D /* ABCrashLogTests.xctest */ = {isa = PBXFileReference; explicitFileType = wrapper.cfbundle; includeInIndex = 0; path = ABCrashLogTests.xctest; sourceTree = BUILT_PRODUCTS_DIR; };
		8DFA575C1A217A730062041D /* Info.plist */ = {isa = PBXFileReference; lastKnownFileType = text.plist.xml; path = Info.plist; sourceTree = "<group>"; };
		8DFA575D1A217A730062041D /* ABCrashLogTests.swift */ = {isa = PBXFileReference; lastKnownFileType = sourcecode.swift; path = ABCrashLogTests.swift; sourceTree = "<group>"; };
		8DFA57671A217A960062041D /* ABCrashLog.swift */ = {isa = PBXFileReference; fileEncoding = 4; lastKnownFileType = sourcecode.swift; path = ABCrashLog.swift; sourceTree = "<group>"; };
/* End PBXFileReference section */

/* Begin PBXFrameworksBuildPhase section */
		8DFA57471A217A730062041D /* Frameworks */ = {
			isa = PBXFrameworksBuildPhase;
			buildActionMask = 2147483647;
			files = (
			);
			runOnlyForDeploymentPostprocessing = 0;
		};
		8DFA57531A217A730062041D /* Frameworks */ = {
			isa = PBXFrameworksBuildPhase;
			buildActionMask = 2147483647;
			files = (
				8DFA57571A217A730062041D /* ABCrashLog.framework in Frameworks */,
			);
			runOnlyForDeploymentPostprocessing = 0;
		};
/* End PBXFrameworksBuildPhase section */

/* Begin PBXGroup section */
		8DFA57411A217A730062041D = {
			isa = PBXGroup;
			children = (
				8DFA574D1A217A730062041D /* ABCrashLog */,
				8DFA575A1A217A730062041D /* ABCrashLogTests */,
				8DFA574C1A217A730062041D /* Products */,
			);
			sourceTree = "<group>";
		};
		8DFA574C1A217A730062041D /* Products */ = {
			isa = PBXGroup;
			children = (
				8DFA574B1A217A730062041D /* ABCrashLog.framework */,
				8DFA57561A217A730062041D /* ABCrashLogTests.xctest */,
			);
			name = Products;
			sourceTree = "<group>";
		};
		8DFA574D1A217A730062041D /* ABCrashLog */ = {
			isa = PBXGroup;
			children = (
				8DFA57501A217A730062041D /* ABCrashLog.h */,
				8DFA574E1A217A730062041D /* Supporting Files */,
				8DFA57671A217A960062041D /* ABCrashLog.swift */,
			);
			path = ABCrashLog;
			sourceTree = "<group>";
		};
		8DFA574E1A217A730062041D /* Supporting Files */ = {
			isa = PBXGroup;
			children = (
				8DFA574F1A217A730062041D /* Info.plist */,
			);
			name = "Supporting Files";
			sourceTree = "<group>";
		};
		8DFA575A1A217A730062041D /* ABCrashLogTests */ = {
			isa = PBXGroup;
			children = (
				8DFA575D1A217A730062041D /* ABCrashLogTests.swift */,
				8DFA575B1A217A730062041D /* Supporting Files */,
			);
			path = ABCrashLogTests;
			sourceTree = "<group>";
		};
		8DFA575B1A217A730062041D /* Supporting Files */ = {
			isa = PBXGroup;
			children = (
				8DFA575C1A217A730062041D /* Info.plist */,
			);
			name = "Supporting Files";
			sourceTree = "<group>";
		};
/* End PBXGroup section */

/* Begin PBXHeadersBuildPhase section */
		8DFA57481A217A730062041D /* Headers */ = {
			isa = PBXHeadersBuildPhase;
			buildActionMask = 2147483647;
			files = (
				8DFA57511A217A730062041D /* ABCrashLog.h in Headers */,
			);
			runOnlyForDeploymentPostprocessing = 0;
		};
/* End PBXHeadersBuildPhase section */

/* Begin PBXNativeTarget section */
		8DFA574A1A217A730062041D /* ABCrashLog */ = {
			isa = PBXNativeTarget;
			buildConfigurationList = 8DFA57611A217A730062041D /* Build configuration list for PBXNativeTarget "ABCrashLog" */;
			buildPhases = (
				8DFA57461A217A730062041D /* Sources */,
				8DFA57471A217A730062041D /* Frameworks */,
				8DFA57481A217A730062041D /* Headers */,
				8DFA57491A217A730062041D /* Resources */,
			);
			buildRules = (
			);
			dependencies = (
			);
			name = ABCrashLog;
			productName = ABCrashLog;
			productReference = 8DFA574B1A217A730062041D /* ABCrashLog.framework */;
			productType = "com.apple.product-type.framework";
		};
		8DFA57551A217A730062041D /* ABCrashLogTests */ = {
			isa = PBXNativeTarget;
			buildConfigurationList = 8DFA57641A217A730062041D /* Build configuration list for PBXNativeTarget "ABCrashLogTests" */;
			buildPhases = (
				8DFA57521A217A730062041D /* Sources */,
				8DFA57531A217A730062041D /* Frameworks */,
				8DFA57541A217A730062041D /* Resources */,
			);
			buildRules = (
			);
			dependencies = (
				8DFA57591A217A730062041D /* PBXTargetDependency */,
			);
			name = ABCrashLogTests;
			productName = ABCrashLogTests;
			productReference = 8DFA57561A217A730062041D /* ABCrashLogTests.xctest */;
			productType = "com.apple.product-type.bundle.unit-test";
		};
/* End PBXNativeTarget section */

/* Begin PBXProject section */
		8DFA57421A217A730062041D /* Project object */ = {
			isa = PBXProject;
			attributes = {
				LastUpgradeCheck = 0610;
				ORGANIZATIONNAME = abarbier;
				TargetAttributes = {
					8DFA574A1A217A730062041D = {
						CreatedOnToolsVersion = 6.1;
					};
					8DFA57551A217A730062041D = {
						CreatedOnToolsVersion = 6.1;
					};
				};
			};
			buildConfigurationList = 8DFA57451A217A730062041D /* Build configuration list for PBXProject "ABCrashLog" */;
			compatibilityVersion = "Xcode 3.2";
			developmentRegion = English;
			hasScannedForEncodings = 0;
			knownRegions = (
				en,
			);
			mainGroup = 8DFA57411A217A730062041D;
			productRefGroup = 8DFA574C1A217A730062041D /* Products */;
			projectDirPath = "";
			projectRoot = "";
			targets = (
				8DFA574A1A217A730062041D /* ABCrashLog */,
				8DFA57551A217A730062041D /* ABCrashLogTests */,
			);
		};
/* End PBXProject section */

/* Begin PBXResourcesBuildPhase section */
		8DFA57491A217A730062041D /* Resources */ = {
			isa = PBXResourcesBuildPhase;
			buildActionMask = 2147483647;
			files = (
			);
			runOnlyForDeploymentPostprocessing = 0;
		};
		8DFA57541A217A730062041D /* Resources */ = {
			isa = PBXResourcesBuildPhase;
			buildActionMask = 2147483647;
			files = (
			);
			runOnlyForDeploymentPostprocessing = 0;
		};
/* End PBXResourcesBuildPhase section */

/* Begin PBXSourcesBuildPhase section */
		8DFA57461A217A730062041D /* Sources */ = {
			isa = PBXSourcesBuildPhase;
			buildActionMask = 2147483647;
			files = (
				8DFA57681A217A960062041D /* ABCrashLog.swift in Sources */,
			);
			runOnlyForDeploymentPostprocessing = 0;
		};
		8DFA57521A217A730062041D /* Sources */ = {
			isa = PBXSourcesBuildPhase;
			buildActionMask = 2147483647;
			files = (
				8DFA575E1A217A730062041D /* ABCrashLogTests.swift in Sources */,
			);
			runOnlyForDeploymentPostprocessing = 0;
		};
/* End PBXSourcesBuildPhase section */

/* Begin PBXTargetDependency section */
		8DFA57591A217A730062041D /* PBXTargetDependency */ = {
			isa = PBXTargetDependency;
			target = 8DFA574A1A217A730062041D /* ABCrashLog */;
			targetProxy = 8DFA57581A217A730062041D /* PBXContainerItemProxy */;
		};
/* End PBXTargetDependency section */

/* Begin XCBuildConfiguration section */
		8DFA575F1A217A730062041D /* Debug */ = {
			isa = XCBuildConfiguration;
			buildSettings = {
				ALWAYS_SEARCH_USER_PATHS = NO;
				CLANG_CXX_LANGUAGE_STANDARD = "gnu++0x";
				CLANG_CXX_LIBRARY = "libc++";
				CLANG_ENABLE_MODULES = YES;
				CLANG_ENABLE_OBJC_ARC = YES;
				CLANG_WARN_BOOL_CONVERSION = YES;
				CLANG_WARN_CONSTANT_CONVERSION = YES;
				CLANG_WARN_DIRECT_OBJC_ISA_USAGE = YES_ERROR;
				CLANG_WARN_EMPTY_BODY = YES;
				CLANG_WARN_ENUM_CONVERSION = YES;
				CLANG_WARN_INT_CONVERSION = YES;
				CLANG_WARN_OBJC_ROOT_CLASS = YES_ERROR;
				CLANG_WARN_UNREACHABLE_CODE = YES;
				CLANG_WARN__DUPLICATE_METHOD_MATCH = YES;
				"CODE_SIGN_IDENTITY[sdk=iphoneos*]" = "iPhone Developer";
				COPY_PHASE_STRIP = NO;
				CURRENT_PROJECT_VERSION = 1;
				ENABLE_STRICT_OBJC_MSGSEND = YES;
				GCC_C_LANGUAGE_STANDARD = gnu99;
				GCC_DYNAMIC_NO_PIC = NO;
				GCC_OPTIMIZATION_LEVEL = 0;
				GCC_PREPROCESSOR_DEFINITIONS = (
					"DEBUG=1",
					"$(inherited)",
				);
				GCC_SYMBOLS_PRIVATE_EXTERN = NO;
				GCC_WARN_64_TO_32_BIT_CONVERSION = YES;
				GCC_WARN_ABOUT_RETURN_TYPE = YES_ERROR;
				GCC_WARN_UNDECLARED_SELECTOR = YES;
				GCC_WARN_UNINITIALIZED_AUTOS = YES_AGGRESSIVE;
				GCC_WARN_UNUSED_FUNCTION = YES;
				GCC_WARN_UNUSED_VARIABLE = YES;
				IPHONEOS_DEPLOYMENT_TARGET = 8.0;
				MTL_ENABLE_DEBUG_INFO = YES;
				ONLY_ACTIVE_ARCH = YES;
				SDKROOT = iphoneos;
				SWIFT_OPTIMIZATION_LEVEL = "-Onone";
				TARGETED_DEVICE_FAMILY = "1,2";
				VERSIONING_SYSTEM = "apple-generic";
				VERSION_INFO_PREFIX = "";
			};
			name = Debug;
		};
		8DFA57601A217A730062041D /* Release */ = {
			isa = XCBuildConfiguration;
			buildSettings = {
				ALWAYS_SEARCH_USER_PATHS = NO;
				CLANG_CXX_LANGUAGE_STANDARD = "gnu++0x";
				CLANG_CXX_LIBRARY = "libc++";
				CLANG_ENABLE_MODULES = YES;
				CLANG_ENABLE_OBJC_ARC = YES;
				CLANG_WARN_BOOL_CONVERSION = YES;
				CLANG_WARN_CONSTANT_CONVERSION = YES;
				CLANG_WARN_DIRECT_OBJC_ISA_USAGE = YES_ERROR;
				CLANG_WARN_EMPTY_BODY = YES;
				CLANG_WARN_ENUM_CONVERSION = YES;
				CLANG_WARN_INT_CONVERSION = YES;
				CLANG_WARN_OBJC_ROOT_CLASS = YES_ERROR;
				CLANG_WARN_UNREACHABLE_CODE = YES;
				CLANG_WARN__DUPLICATE_METHOD_MATCH = YES;
				"CODE_SIGN_IDENTITY[sdk=iphoneos*]" = "iPhone Developer";
				COPY_PHASE_STRIP = YES;
				CURRENT_PROJECT_VERSION = 1;
				ENABLE_NS_ASSERTIONS = NO;
				ENABLE_STRICT_OBJC_MSGSEND = YES;
				GCC_C_LANGUAGE_STANDARD = gnu99;
				GCC_WARN_64_TO_32_BIT_CONVERSION = YES;
				GCC_WARN_ABOUT_RETURN_TYPE = YES_ERROR;
				GCC_WARN_UNDECLARED_SELECTOR = YES;
				GCC_WARN_UNINITIALIZED_AUTOS = YES_AGGRESSIVE;
				GCC_WARN_UNUSED_FUNCTION = YES;
				GCC_WARN_UNUSED_VARIABLE = YES;
				IPHONEOS_DEPLOYMENT_TARGET = 8.0;
				MTL_ENABLE_DEBUG_INFO = NO;
				SDKROOT = iphoneos;
				TARGETED_DEVICE_FAMILY = "1,2";
				VALIDATE_PRODUCT = YES;
				VERSIONING_SYSTEM = "apple-generic";
				VERSION_INFO_PREFIX = "";
			};
			name = Release;
		};
		8DFA57621A217A730062041D /* Debug */ = {
			isa = XCBuildConfiguration;
			buildSettings = {
				CLANG_ENABLE_MODULES = YES;
				DEFINES_MODULE = YES;
				DYLIB_COMPATIBILITY_VERSION = 1;
				DYLIB_CURRENT_VERSION = 1;
				DYLIB_INSTALL_NAME_BASE = "@rpath";
				INFOPLIST_FILE = ABCrashLog/Info.plist;
				INSTALL_PATH = "$(LOCAL_LIBRARY_DIR)/Frameworks";
				LD_RUNPATH_SEARCH_PATHS = "$(inherited) @executable_path/Frameworks @loader_path/Frameworks";
				PRODUCT_NAME = "$(TARGET_NAME)";
				SKIP_INSTALL = YES;
				SWIFT_OBJC_BRIDGING_HEADER = "";
				SWIFT_OPTIMIZATION_LEVEL = "-Onone";
			};
			name = Debug;
		};
		8DFA57631A217A730062041D /* Release */ = {
			isa = XCBuildConfiguration;
			buildSettings = {
				CLANG_ENABLE_MODULES = YES;
				DEFINES_MODULE = YES;
				DYLIB_COMPATIBILITY_VERSION = 1;
				DYLIB_CURRENT_VERSION = 1;
				DYLIB_INSTALL_NAME_BASE = "@rpath";
				INFOPLIST_FILE = ABCrashLog/Info.plist;
				INSTALL_PATH = "$(LOCAL_LIBRARY_DIR)/Frameworks";
				LD_RUNPATH_SEARCH_PATHS = "$(inherited) @executable_path/Frameworks @loader_path/Frameworks";
				PRODUCT_NAME = "$(TARGET_NAME)";
				SKIP_INSTALL = YES;
				SWIFT_OBJC_BRIDGING_HEADER = "";
			};
			name = Release;
		};
		8DFA57651A217A730062041D /* Debug */ = {
			isa = XCBuildConfiguration;
			buildSettings = {
				FRAMEWORK_SEARCH_PATHS = (
					"$(SDKROOT)/Developer/Library/Frameworks",
					"$(inherited)",
				);
				GCC_PREPROCESSOR_DEFINITIONS = (
					"DEBUG=1",
					"$(inherited)",
				);
				INFOPLIST_FILE = ABCrashLogTests/Info.plist;
				LD_RUNPATH_SEARCH_PATHS = "$(inherited) @executable_path/Frameworks @loader_path/Frameworks";
				PRODUCT_NAME = "$(TARGET_NAME)";
			};
			name = Debug;
		};
		8DFA57661A217A730062041D /* Release */ = {
			isa = XCBuildConfiguration;
			buildSettings = {
				FRAMEWORK_SEARCH_PATHS = (
					"$(SDKROOT)/Developer/Library/Frameworks",
					"$(inherited)",
				);
				INFOPLIST_FILE = ABCrashLogTests/Info.plist;
				LD_RUNPATH_SEARCH_PATHS = "$(inherited) @executable_path/Frameworks @loader_path/Frameworks";
				PRODUCT_NAME = "$(TARGET_NAME)";
			};
			name = Release;
		};
/* End XCBuildConfiguration section */

/* Begin XCConfigurationList section */
		8DFA57451A217A730062041D /* Build configuration list for PBXProject "ABCrashLog" */ = {
			isa = XCConfigurationList;
			buildConfigurations = (
				8DFA575F1A217A730062041D /* Debug */,
				8DFA57601A217A730062041D /* Release */,
			);
			defaultConfigurationIsVisible = 0;
			defaultConfigurationName = Release;
		};
		8DFA57611A217A730062041D /* Build configuration list for PBXNativeTarget "ABCrashLog" */ = {
			isa = XCConfigurationList;
			buildConfigurations = (
				8DFA57621A217A730062041D /* Debug */,
				8DFA57631A217A730062041D /* Release */,
			);
			defaultConfigurationIsVisible = 0;
			defaultConfigurationName = Release;
		};
		8DFA57641A217A730062041D /* Build configuration list for PBXNativeTarget "ABCrashLogTests" */ = {
			isa = XCConfigurationList;
			buildConfigurations = (
				8DFA57651A217A730062041D /* Debug */,
				8DFA57661A217A730062041D /* Release */,
			);
			defaultConfigurationIsVisible = 0;
			defaultConfigurationName = Release;
		};
/* End XCConfigurationList section */
	};
	rootObject = 8DFA57421A217A730062041D /* Project object */;
}
