// !$*UTF8*$!
{
	archiveVersion = 1;
	classes = {
	};
	objectVersion = 46;
	objects = {

/* Begin PBXBuildFile section */
		AC1EADAD19BCB32B003DAD3B /* ParseHelper.swift in Sources */ = {isa = PBXBuildFile; fileRef = AC1EADAC19BCB32B003DAD3B /* ParseHelper.swift */; };
		AC3E693819B4C8A800681A5A /* ABRequest.h in Headers */ = {isa = PBXBuildFile; fileRef = AC3E693719B4C8A800681A5A /* ABRequest.h */; settings = {ATTRIBUTES = (Public, ); }; };
		AC3E694219B4C8A800681A5A /* ABRequestTests.swift in Sources */ = {isa = PBXBuildFile; fileRef = AC3E694119B4C8A800681A5A /* ABRequestTests.swift */; };
		AC3E695719B4C8BE00681A5A /* ABRequest.swift in Sources */ = {isa = PBXBuildFile; fileRef = AC3E695419B4C8BE00681A5A /* ABRequest.swift */; };
		AC3E695819B4C8BE00681A5A /* ABResponseSever.swift in Sources */ = {isa = PBXBuildFile; fileRef = AC3E695519B4C8BE00681A5A /* ABResponseSever.swift */; };
		AC3E695919B4C8BE00681A5A /* ImageViewWithUrl.swift in Sources */ = {isa = PBXBuildFile; fileRef = AC3E695619B4C8BE00681A5A /* ImageViewWithUrl.swift */; };
		ACDACF9419C6370100D6872E /* ABReachability.swift in Sources */ = {isa = PBXBuildFile; fileRef = ACDACF9319C6370100D6872E /* ABReachability.swift */; };
/* End PBXBuildFile section */

/* Begin PBXFileReference section */
		AC1EADAC19BCB32B003DAD3B /* ParseHelper.swift */ = {isa = PBXFileReference; fileEncoding = 4; lastKnownFileType = sourcecode.swift; path = ParseHelper.swift; sourceTree = "<group>"; };
		AC3E693219B4C8A800681A5A /* ABRequest.framework */ = {isa = PBXFileReference; explicitFileType = wrapper.framework; includeInIndex = 0; path = ABRequest.framework; sourceTree = BUILT_PRODUCTS_DIR; };
		AC3E693619B4C8A800681A5A /* Info.plist */ = {isa = PBXFileReference; lastKnownFileType = text.plist.xml; path = Info.plist; sourceTree = "<group>"; };
		AC3E693719B4C8A800681A5A /* ABRequest.h */ = {isa = PBXFileReference; lastKnownFileType = sourcecode.c.h; path = ABRequest.h; sourceTree = "<group>"; };
		AC3E693D19B4C8A800681A5A /* ABRequestTests.xctest */ = {isa = PBXFileReference; explicitFileType = wrapper.cfbundle; includeInIndex = 0; path = ABRequestTests.xctest; sourceTree = BUILT_PRODUCTS_DIR; };
		AC3E694019B4C8A800681A5A /* Info.plist */ = {isa = PBXFileReference; lastKnownFileType = text.plist.xml; path = Info.plist; sourceTree = "<group>"; };
		AC3E694119B4C8A800681A5A /* ABRequestTests.swift */ = {isa = PBXFileReference; lastKnownFileType = sourcecode.swift; path = ABRequestTests.swift; sourceTree = "<group>"; };
		AC3E695419B4C8BE00681A5A /* ABRequest.swift */ = {isa = PBXFileReference; fileEncoding = 4; lastKnownFileType = sourcecode.swift; path = ABRequest.swift; sourceTree = "<group>"; };
		AC3E695519B4C8BE00681A5A /* ABResponseSever.swift */ = {isa = PBXFileReference; fileEncoding = 4; lastKnownFileType = sourcecode.swift; path = ABResponseSever.swift; sourceTree = "<group>"; };
		AC3E695619B4C8BE00681A5A /* ImageViewWithUrl.swift */ = {isa = PBXFileReference; fileEncoding = 4; lastKnownFileType = sourcecode.swift; path = ImageViewWithUrl.swift; sourceTree = "<group>"; };
		ACDACF9319C6370100D6872E /* ABReachability.swift */ = {isa = PBXFileReference; fileEncoding = 4; lastKnownFileType = sourcecode.swift; path = ABReachability.swift; sourceTree = "<group>"; };
/* End PBXFileReference section */

/* Begin PBXFrameworksBuildPhase section */
		AC3E692E19B4C8A800681A5A /* Frameworks */ = {
			isa = PBXFrameworksBuildPhase;
			buildActionMask = 2147483647;
			files = (
			);
			runOnlyForDeploymentPostprocessing = 0;
		};
		AC3E693A19B4C8A800681A5A /* Frameworks */ = {
			isa = PBXFrameworksBuildPhase;
			buildActionMask = 2147483647;
			files = (
			);
			runOnlyForDeploymentPostprocessing = 0;
		};
/* End PBXFrameworksBuildPhase section */

/* Begin PBXGroup section */
		AC1EADAB19BCB2F1003DAD3B /* ParseHelper */ = {
			isa = PBXGroup;
			children = (
				AC1EADAC19BCB32B003DAD3B /* ParseHelper.swift */,
			);
			path = ParseHelper;
			sourceTree = "<group>";
		};
		AC3E692819B4C8A800681A5A = {
			isa = PBXGroup;
			children = (
				AC3E693419B4C8A800681A5A /* ABRequest */,
				AC3E693E19B4C8A800681A5A /* ABRequestTests */,
				AC1EADAB19BCB2F1003DAD3B /* ParseHelper */,
				AC3E693319B4C8A800681A5A /* Products */,
			);
			sourceTree = "<group>";
		};
		AC3E693319B4C8A800681A5A /* Products */ = {
			isa = PBXGroup;
			children = (
				AC3E693219B4C8A800681A5A /* ABRequest.framework */,
				AC3E693D19B4C8A800681A5A /* ABRequestTests.xctest */,
			);
			name = Products;
			sourceTree = "<group>";
		};
		AC3E693419B4C8A800681A5A /* ABRequest */ = {
			isa = PBXGroup;
			children = (
				AC3E695419B4C8BE00681A5A /* ABRequest.swift */,
				AC3E695519B4C8BE00681A5A /* ABResponseSever.swift */,
				AC3E695619B4C8BE00681A5A /* ImageViewWithUrl.swift */,
				AC3E693719B4C8A800681A5A /* ABRequest.h */,
				AC3E693519B4C8A800681A5A /* Supporting Files */,
				ACDACF9319C6370100D6872E /* ABReachability.swift */,
			);
			path = ABRequest;
			sourceTree = "<group>";
		};
		AC3E693519B4C8A800681A5A /* Supporting Files */ = {
			isa = PBXGroup;
			children = (
				AC3E693619B4C8A800681A5A /* Info.plist */,
			);
			name = "Supporting Files";
			sourceTree = "<group>";
		};
		AC3E693E19B4C8A800681A5A /* ABRequestTests */ = {
			isa = PBXGroup;
			children = (
				AC3E694119B4C8A800681A5A /* ABRequestTests.swift */,
				AC3E693F19B4C8A800681A5A /* Supporting Files */,
			);
			path = ABRequestTests;
			sourceTree = "<group>";
		};
		AC3E693F19B4C8A800681A5A /* Supporting Files */ = {
			isa = PBXGroup;
			children = (
				AC3E694019B4C8A800681A5A /* Info.plist */,
			);
			name = "Supporting Files";
			sourceTree = "<group>";
		};
/* End PBXGroup section */

/* Begin PBXHeadersBuildPhase section */
		AC3E692F19B4C8A800681A5A /* Headers */ = {
			isa = PBXHeadersBuildPhase;
			buildActionMask = 2147483647;
			files = (
				AC3E693819B4C8A800681A5A /* ABRequest.h in Headers */,
			);
			runOnlyForDeploymentPostprocessing = 0;
		};
/* End PBXHeadersBuildPhase section */

/* Begin PBXNativeTarget section */
		AC3E693119B4C8A800681A5A /* ABRequest */ = {
			isa = PBXNativeTarget;
			buildConfigurationList = AC3E694519B4C8A800681A5A /* Build configuration list for PBXNativeTarget "ABRequest" */;
			buildPhases = (
				AC3E692D19B4C8A800681A5A /* Sources */,
				AC3E692E19B4C8A800681A5A /* Frameworks */,
				AC3E692F19B4C8A800681A5A /* Headers */,
				AC3E693019B4C8A800681A5A /* Resources */,
			);
			buildRules = (
			);
			dependencies = (
			);
			name = ABRequest;
			productName = ABRequest;
			productReference = AC3E693219B4C8A800681A5A /* ABRequest.framework */;
			productType = "com.apple.product-type.framework";
		};
		AC3E693C19B4C8A800681A5A /* ABRequestTests */ = {
			isa = PBXNativeTarget;
			buildConfigurationList = AC3E694819B4C8A800681A5A /* Build configuration list for PBXNativeTarget "ABRequestTests" */;
			buildPhases = (
				AC3E693919B4C8A800681A5A /* Sources */,
				AC3E693A19B4C8A800681A5A /* Frameworks */,
				AC3E693B19B4C8A800681A5A /* Resources */,
			);
			buildRules = (
			);
			dependencies = (
			);
			name = ABRequestTests;
			productName = ABRequestTests;
			productReference = AC3E693D19B4C8A800681A5A /* ABRequestTests.xctest */;
			productType = "com.apple.product-type.bundle.unit-test";
		};
/* End PBXNativeTarget section */

/* Begin PBXProject section */
		AC3E692919B4C8A800681A5A /* Project object */ = {
			isa = PBXProject;
			attributes = {
				LastSwiftUpdateCheck = 0700;
				LastUpgradeCheck = 0700;
				ORGANIZATIONNAME = abarbier;
				TargetAttributes = {
					AC3E693119B4C8A800681A5A = {
						CreatedOnToolsVersion = 6.0;
					};
					AC3E693C19B4C8A800681A5A = {
						CreatedOnToolsVersion = 6.0;
					};
				};
			};
			buildConfigurationList = AC3E692C19B4C8A800681A5A /* Build configuration list for PBXProject "ABRequest" */;
			compatibilityVersion = "Xcode 3.2";
			developmentRegion = English;
			hasScannedForEncodings = 0;
			knownRegions = (
				en,
			);
			mainGroup = AC3E692819B4C8A800681A5A;
			productRefGroup = AC3E693319B4C8A800681A5A /* Products */;
			projectDirPath = "";
			projectRoot = "";
			targets = (
				AC3E693119B4C8A800681A5A /* ABRequest */,
				AC3E693C19B4C8A800681A5A /* ABRequestTests */,
			);
		};
/* End PBXProject section */

/* Begin PBXResourcesBuildPhase section */
		AC3E693019B4C8A800681A5A /* Resources */ = {
			isa = PBXResourcesBuildPhase;
			buildActionMask = 2147483647;
			files = (
			);
			runOnlyForDeploymentPostprocessing = 0;
		};
		AC3E693B19B4C8A800681A5A /* Resources */ = {
			isa = PBXResourcesBuildPhase;
			buildActionMask = 2147483647;
			files = (
			);
			runOnlyForDeploymentPostprocessing = 0;
		};
/* End PBXResourcesBuildPhase section */

/* Begin PBXSourcesBuildPhase section */
		AC3E692D19B4C8A800681A5A /* Sources */ = {
			isa = PBXSourcesBuildPhase;
			buildActionMask = 2147483647;
			files = (
				AC3E695719B4C8BE00681A5A /* ABRequest.swift in Sources */,
				AC3E695919B4C8BE00681A5A /* ImageViewWithUrl.swift in Sources */,
				AC3E695819B4C8BE00681A5A /* ABResponseSever.swift in Sources */,
				ACDACF9419C6370100D6872E /* ABReachability.swift in Sources */,
				AC1EADAD19BCB32B003DAD3B /* ParseHelper.swift in Sources */,
			);
			runOnlyForDeploymentPostprocessing = 0;
		};
		AC3E693919B4C8A800681A5A /* Sources */ = {
			isa = PBXSourcesBuildPhase;
			buildActionMask = 2147483647;
			files = (
				AC3E694219B4C8A800681A5A /* ABRequestTests.swift in Sources */,
			);
			runOnlyForDeploymentPostprocessing = 0;
		};
/* End PBXSourcesBuildPhase section */

/* Begin XCBuildConfiguration section */
		AC3E694319B4C8A800681A5A /* Debug */ = {
			isa = XCBuildConfiguration;
			buildSettings = {
				ALWAYS_SEARCH_USER_PATHS = NO;
				CLANG_CXX_LANGUAGE_STANDARD = "gnu++0x";
				CLANG_CXX_LIBRARY = "libc++";
				CLANG_ENABLE_MODULES = YES;
				CLANG_ENABLE_OBJC_ARC = YES;
				CLANG_WARN_BOOL_CONVERSION = YES;
				CLANG_WARN_CONSTANT_CONVERSION = YES;
				CLANG_WARN_DIRECT_OBJC_ISA_USAGE = YES_ERROR;
				CLANG_WARN_EMPTY_BODY = YES;
				CLANG_WARN_ENUM_CONVERSION = YES;
				CLANG_WARN_INT_CONVERSION = YES;
				CLANG_WARN_OBJC_ROOT_CLASS = YES_ERROR;
				CLANG_WARN_UNREACHABLE_CODE = YES;
				CLANG_WARN__DUPLICATE_METHOD_MATCH = YES;
				CODE_SIGN_IDENTITY = "iPhone Developer";
				"CODE_SIGN_IDENTITY[sdk=iphoneos*]" = "iPhone Developer";
				COPY_PHASE_STRIP = NO;
				CURRENT_PROJECT_VERSION = 1;
				ENABLE_STRICT_OBJC_MSGSEND = YES;
				ENABLE_TESTABILITY = YES;
				GCC_C_LANGUAGE_STANDARD = gnu99;
				GCC_DYNAMIC_NO_PIC = NO;
				GCC_OPTIMIZATION_LEVEL = 0;
				GCC_PREPROCESSOR_DEFINITIONS = (
					"DEBUG=1",
					"$(inherited)",
				);
				GCC_SYMBOLS_PRIVATE_EXTERN = NO;
				GCC_WARN_64_TO_32_BIT_CONVERSION = YES;
				GCC_WARN_ABOUT_RETURN_TYPE = YES_ERROR;
				GCC_WARN_UNDECLARED_SELECTOR = YES;
				GCC_WARN_UNINITIALIZED_AUTOS = YES_AGGRESSIVE;
				GCC_WARN_UNUSED_FUNCTION = YES;
				GCC_WARN_UNUSED_VARIABLE = YES;
				IPHONEOS_DEPLOYMENT_TARGET = 8.0;
				MTL_ENABLE_DEBUG_INFO = YES;
				ONLY_ACTIVE_ARCH = YES;
				PRODUCT_NAME = ABRequest;
				SDKROOT = iphoneos;
				SWIFT_OPTIMIZATION_LEVEL = "-Onone";
				TARGETED_DEVICE_FAMILY = "1,2";
				VERSIONING_SYSTEM = "apple-generic";
				VERSION_INFO_PREFIX = "";
			};
			name = Debug;
		};
		AC3E694419B4C8A800681A5A /* Release */ = {
			isa = XCBuildConfiguration;
			buildSettings = {
				ALWAYS_SEARCH_USER_PATHS = NO;
				CLANG_CXX_LANGUAGE_STANDARD = "gnu++0x";
				CLANG_CXX_LIBRARY = "libc++";
				CLANG_ENABLE_MODULES = YES;
				CLANG_ENABLE_OBJC_ARC = YES;
				CLANG_WARN_BOOL_CONVERSION = YES;
				CLANG_WARN_CONSTANT_CONVERSION = YES;
				CLANG_WARN_DIRECT_OBJC_ISA_USAGE = YES_ERROR;
				CLANG_WARN_EMPTY_BODY = YES;
				CLANG_WARN_ENUM_CONVERSION = YES;
				CLANG_WARN_INT_CONVERSION = YES;
				CLANG_WARN_OBJC_ROOT_CLASS = YES_ERROR;
				CLANG_WARN_UNREACHABLE_CODE = YES;
				CLANG_WARN__DUPLICATE_METHOD_MATCH = YES;
				CODE_SIGN_IDENTITY = "iPhone Distribution";
				"CODE_SIGN_IDENTITY[sdk=iphoneos*]" = "iPhone Distribution";
				COPY_PHASE_STRIP = YES;
				CURRENT_PROJECT_VERSION = 1;
				ENABLE_NS_ASSERTIONS = NO;
				ENABLE_STRICT_OBJC_MSGSEND = YES;
				GCC_C_LANGUAGE_STANDARD = gnu99;
				GCC_WARN_64_TO_32_BIT_CONVERSION = YES;
				GCC_WARN_ABOUT_RETURN_TYPE = YES_ERROR;
				GCC_WARN_UNDECLARED_SELECTOR = YES;
				GCC_WARN_UNINITIALIZED_AUTOS = YES_AGGRESSIVE;
				GCC_WARN_UNUSED_FUNCTION = YES;
				GCC_WARN_UNUSED_VARIABLE = YES;
				IPHONEOS_DEPLOYMENT_TARGET = 8.0;
				MTL_ENABLE_DEBUG_INFO = NO;
				PRODUCT_NAME = ABRequest;
				SDKROOT = iphoneos;
				TARGETED_DEVICE_FAMILY = "1,2";
				VALIDATE_PRODUCT = YES;
				VERSIONING_SYSTEM = "apple-generic";
				VERSION_INFO_PREFIX = "";
			};
			name = Release;
		};
		AC3E694619B4C8A800681A5A /* Debug */ = {
			isa = XCBuildConfiguration;
			buildSettings = {
				APPLICATION_EXTENSION_API_ONLY = NO;
				CLANG_ENABLE_MODULES = YES;
				CODE_SIGN_IDENTITY = "iPhone Developer";
				"CODE_SIGN_IDENTITY[sdk=iphoneos*]" = "iPhone Developer";
				CREATE_INFOPLIST_SECTION_IN_BINARY = YES;
				DEFINES_MODULE = YES;
				DYLIB_COMPATIBILITY_VERSION = 1;
				DYLIB_CURRENT_VERSION = 1;
				DYLIB_INSTALL_NAME_BASE = "@rpath";
				INFOPLIST_FILE = ABRequest/Info.plist;
				INSTALL_PATH = "$(LOCAL_LIBRARY_DIR)/Frameworks";
				IPHONEOS_DEPLOYMENT_TARGET = 8.0;
				LD_RUNPATH_SEARCH_PATHS = "$(inherited) @executable_path/Frameworks @loader_path/Frameworks";
				ONLY_ACTIVE_ARCH = NO;
				PRODUCT_BUNDLE_IDENTIFIER = "com.poutsch.$(PRODUCT_NAME:rfc1034identifier)";
				PRODUCT_NAME = "$(TARGET_NAME)";
				PROVISIONING_PROFILE = "";
				SKIP_INSTALL = YES;
				SWIFT_OPTIMIZATION_LEVEL = "-Onone";
			};
			name = Debug;
		};
		AC3E694719B4C8A800681A5A /* Release */ = {
			isa = XCBuildConfiguration;
			buildSettings = {
				APPLICATION_EXTENSION_API_ONLY = NO;
				CLANG_ENABLE_MODULES = YES;
				CODE_SIGN_IDENTITY = "iPhone Distribution";
				"CODE_SIGN_IDENTITY[sdk=iphoneos*]" = "iPhone Distribution";
				CREATE_INFOPLIST_SECTION_IN_BINARY = YES;
				DEFINES_MODULE = YES;
				DYLIB_COMPATIBILITY_VERSION = 1;
				DYLIB_CURRENT_VERSION = 1;
				DYLIB_INSTALL_NAME_BASE = "@rpath";
				INFOPLIST_FILE = ABRequest/Info.plist;
				INSTALL_PATH = "$(LOCAL_LIBRARY_DIR)/Frameworks";
				IPHONEOS_DEPLOYMENT_TARGET = 8.0;
				LD_RUNPATH_SEARCH_PATHS = "$(inherited) @executable_path/Frameworks @loader_path/Frameworks";
				PRODUCT_BUNDLE_IDENTIFIER = "com.poutsch.$(PRODUCT_NAME:rfc1034identifier)";
				PRODUCT_NAME = "$(TARGET_NAME)";
				PROVISIONING_PROFILE = "";
				SKIP_INSTALL = YES;
			};
			name = Release;
		};
		AC3E694919B4C8A800681A5A /* Debug */ = {
			isa = XCBuildConfiguration;
			buildSettings = {
				FRAMEWORK_SEARCH_PATHS = (
					"$(SDKROOT)/Developer/Library/Frameworks",
					"$(inherited)",
				);
				GCC_PREPROCESSOR_DEFINITIONS = (
					"DEBUG=1",
					"$(inherited)",
				);
				INFOPLIST_FILE = ABRequestTests/Info.plist;
				LD_RUNPATH_SEARCH_PATHS = "$(inherited) @executable_path/Frameworks @loader_path/Frameworks";
				PRODUCT_BUNDLE_IDENTIFIER = "com.abarbier.$(PRODUCT_NAME:rfc1034identifier)";
				PRODUCT_NAME = "$(TARGET_NAME)";
			};
			name = Debug;
		};
		AC3E694A19B4C8A800681A5A /* Release */ = {
			isa = XCBuildConfiguration;
			buildSettings = {
				FRAMEWORK_SEARCH_PATHS = (
					"$(SDKROOT)/Developer/Library/Frameworks",
					"$(inherited)",
				);
				INFOPLIST_FILE = ABRequestTests/Info.plist;
				LD_RUNPATH_SEARCH_PATHS = "$(inherited) @executable_path/Frameworks @loader_path/Frameworks";
				PRODUCT_BUNDLE_IDENTIFIER = "com.abarbier.$(PRODUCT_NAME:rfc1034identifier)";
				PRODUCT_NAME = "$(TARGET_NAME)";
			};
			name = Release;
		};
/* End XCBuildConfiguration section */

/* Begin XCConfigurationList section */
		AC3E692C19B4C8A800681A5A /* Build configuration list for PBXProject "ABRequest" */ = {
			isa = XCConfigurationList;
			buildConfigurations = (
				AC3E694319B4C8A800681A5A /* Debug */,
				AC3E694419B4C8A800681A5A /* Release */,
			);
			defaultConfigurationIsVisible = 0;
			defaultConfigurationName = Release;
		};
		AC3E694519B4C8A800681A5A /* Build configuration list for PBXNativeTarget "ABRequest" */ = {
			isa = XCConfigurationList;
			buildConfigurations = (
				AC3E694619B4C8A800681A5A /* Debug */,
				AC3E694719B4C8A800681A5A /* Release */,
			);
			defaultConfigurationIsVisible = 0;
			defaultConfigurationName = Release;
		};
		AC3E694819B4C8A800681A5A /* Build configuration list for PBXNativeTarget "ABRequestTests" */ = {
			isa = XCConfigurationList;
			buildConfigurations = (
				AC3E694919B4C8A800681A5A /* Debug */,
				AC3E694A19B4C8A800681A5A /* Release */,
			);
			defaultConfigurationIsVisible = 0;
			defaultConfigurationName = Release;
		};
/* End XCConfigurationList section */
	};
	rootObject = AC3E692919B4C8A800681A5A /* Project object */;
}
