// !$*UTF8*$!
{
	archiveVersion = 1;
	classes = {
	};
	objectVersion = 46;
	objects = {

/* Begin PBXBuildFile section */
		184BB10B58C49C36575784DD /* Pods_Collabboard.framework in Frameworks */ = {isa = PBXBuildFile; fileRef = 9E35B7671164317CAE5259CE /* Pods_Collabboard.framework */; };
		8D008E401CF07C4700005B59 /* DFTextField.swift in Sources */ = {isa = PBXBuildFile; fileRef = 8D008E3F1CF07C4700005B59 /* DFTextField.swift */; };
		8D0179F31CEB7FE3008B7B9D /* OnBoarding.storyboard in Resources */ = {isa = PBXBuildFile; fileRef = 8D0179F21CEB7FE3008B7B9D /* OnBoarding.storyboard */; };
		8D017A041CEB9A03008B7B9D /* FirstTeamCreationViewController.swift in Sources */ = {isa = PBXBuildFile; fileRef = 8D017A031CEB9A03008B7B9D /* FirstTeamCreationViewController.swift */; };
		8D017A061CEB9A8E008B7B9D /* UserConfigurationViewController.swift in Sources */ = {isa = PBXBuildFile; fileRef = 8D017A051CEB9A8E008B7B9D /* UserConfigurationViewController.swift */; };
		8D058ADE1C17314F00A2D076 /* Point.swift in Sources */ = {isa = PBXBuildFile; fileRef = 8D058ADD1C17314F00A2D076 /* Point.swift */; };
		8D05D6751C187963008B7A7E /* Drawing.swift in Sources */ = {isa = PBXBuildFile; fileRef = 8D05D6741C187963008B7A7E /* Drawing.swift */; };
		8D0D6DC41C441AF10018CE41 /* ColorGenerationViewController.swift in Sources */ = {isa = PBXBuildFile; fileRef = 8D0D6DC31C441AF10018CE41 /* ColorGenerationViewController.swift */; };
		8D11201A1C1ED23F000E041B /* TeamTableViewController.swift in Sources */ = {isa = PBXBuildFile; fileRef = 8D1120191C1ED23F000E041B /* TeamTableViewController.swift */; };
		8D11201E1C1EFEB9000E041B /* ProjectTableViewController.swift in Sources */ = {isa = PBXBuildFile; fileRef = 8D11201D1C1EFEB9000E041B /* ProjectTableViewController.swift */; };
		8D13B4F61C1ACAC6005F7325 /* Constants.swift in Sources */ = {isa = PBXBuildFile; fileRef = 8D13B4F51C1ACAC6005F7325 /* Constants.swift */; };
		8D2456A41D156BAB0071FC49 /* DFButton.swift in Sources */ = {isa = PBXBuildFile; fileRef = 8D2456A31D156BAB0071FC49 /* DFButton.swift */; };
		8D2A787F1CED952F00C3F778 /* GoogleService-Info.plist in Resources */ = {isa = PBXBuildFile; fileRef = 8D2A787E1CED952F00C3F778 /* GoogleService-Info.plist */; };
		8D2F0CBB1D0EEDFC0065B7CF /* UserTableViewCell.swift in Sources */ = {isa = PBXBuildFile; fileRef = 8D2F0CB91D0EEDFC0065B7CF /* UserTableViewCell.swift */; };
		8D2F0CBC1D0EEDFC0065B7CF /* UserTableViewCell.xib in Resources */ = {isa = PBXBuildFile; fileRef = 8D2F0CBA1D0EEDFC0065B7CF /* UserTableViewCell.xib */; };
		8D3CF1931C159514006D23C7 /* UIBezierPathExtension.swift in Sources */ = {isa = PBXBuildFile; fileRef = 8D3CF1921C159514006D23C7 /* UIBezierPathExtension.swift */; };
		8D485B1C1CE9B39400465E69 /* Color.swift in Sources */ = {isa = PBXBuildFile; fileRef = 8D485B1B1CE9B39400465E69 /* Color.swift */; };
		8D4981E81C65EC6700BC6067 /* ConnectedUsersTableViewController.swift in Sources */ = {isa = PBXBuildFile; fileRef = 8D4981E71C65EC6700BC6067 /* ConnectedUsersTableViewController.swift */; };
		8D6DF5721CE8BC51008B7E95 /* Images.swift in Sources */ = {isa = PBXBuildFile; fileRef = 8D6DF5701CE8BC51008B7E95 /* Images.swift */; };
		8D6DF5731CE8BC51008B7E95 /* Storyboard.swift in Sources */ = {isa = PBXBuildFile; fileRef = 8D6DF5711CE8BC51008B7E95 /* Storyboard.swift */; };
		8D70D6911CF0BABE00B3754D /* OnboardingViewController.swift in Sources */ = {isa = PBXBuildFile; fileRef = 8D70D6901CF0BABE00B3754D /* OnboardingViewController.swift */; };
		8D7FCC6A1D09690300C9485F /* ProjectTableViewCell.swift in Sources */ = {isa = PBXBuildFile; fileRef = 8D7FCC681D09690300C9485F /* ProjectTableViewCell.swift */; };
		8D7FCC6B1D09690300C9485F /* ProjectTableViewCell.xib in Resources */ = {isa = PBXBuildFile; fileRef = 8D7FCC691D09690300C9485F /* ProjectTableViewCell.xib */; };
		8D7FCC6E1D09691300C9485F /* TeamTableViewCell.swift in Sources */ = {isa = PBXBuildFile; fileRef = 8D7FCC6C1D09691300C9485F /* TeamTableViewCell.swift */; };
		8D7FCC6F1D09691300C9485F /* TeamTableViewCell.xib in Resources */ = {isa = PBXBuildFile; fileRef = 8D7FCC6D1D09691300C9485F /* TeamTableViewCell.xib */; };
		8D91F2C11C7B38C3001D6A4E /* ColorGenerator.swift in Sources */ = {isa = PBXBuildFile; fileRef = 8D91F2C01C7B38C3001D6A4E /* ColorGenerator.swift */; };
		8D91FD051C6876E20088F0FA /* CBFirebase.swift in Sources */ = {isa = PBXBuildFile; fileRef = 8D91FD041C6876E20088F0FA /* CBFirebase.swift */; };
		8D91FD091C6B31650088F0FA /* TouchThroughView.swift in Sources */ = {isa = PBXBuildFile; fileRef = 8D91FD081C6B31650088F0FA /* TouchThroughView.swift */; };
		8D91FD0B1C6B5AD60088F0FA /* DrawableTextView.swift in Sources */ = {isa = PBXBuildFile; fileRef = 8D91FD0A1C6B5AD60088F0FA /* DrawableTextView.swift */; };
		8D9679CA1C4535B8009B2299 /* CreationStoryboard.storyboard in Resources */ = {isa = PBXBuildFile; fileRef = 8D9679C81C4535B8009B2299 /* CreationStoryboard.storyboard */; };
		8D9679CE1C453603009B2299 /* TeamCreationViewController.swift in Sources */ = {isa = PBXBuildFile; fileRef = 8D9679CD1C453603009B2299 /* TeamCreationViewController.swift */; };
		8DA5F3E01CF9BCB900A37E33 /* WelcomView.swift in Sources */ = {isa = PBXBuildFile; fileRef = 8DA5F3DF1CF9BCB900A37E33 /* WelcomView.swift */; };
		8DA5F3E21CF9BCD600A37E33 /* WelcomView.xib in Resources */ = {isa = PBXBuildFile; fileRef = 8DA5F3E11CF9BCD600A37E33 /* WelcomView.xib */; };
		8DA5F3E41CF9C4EE00A37E33 /* GetStartedView.swift in Sources */ = {isa = PBXBuildFile; fileRef = 8DA5F3E31CF9C4EE00A37E33 /* GetStartedView.swift */; };
		8DA5F3E71CF9C50B00A37E33 /* GetStartedView.xib in Resources */ = {isa = PBXBuildFile; fileRef = 8DA5F3E61CF9C50B00A37E33 /* GetStartedView.xib */; };
		8DAD0D7D1D12AB8D00E7782A /* CollabboardTests.swift in Sources */ = {isa = PBXBuildFile; fileRef = 8DAD0D7C1D12AB8D00E7782A /* CollabboardTests.swift */; };
		8DB6D07D1CDF526100B73529 /* ToolsViewController.swift in Sources */ = {isa = PBXBuildFile; fileRef = 8DB6D07C1CDF526100B73529 /* ToolsViewController.swift */; };
		8DBAEFA01D16E83C006ABCE9 /* Text.swift in Sources */ = {isa = PBXBuildFile; fileRef = 8DBAEF9F1D16E83C006ABCE9 /* Text.swift */; };
		8DBD19491C15C9F30073BE8B /* CloudKit.framework in Frameworks */ = {isa = PBXBuildFile; fileRef = 8DBD19481C15C9F30073BE8B /* CloudKit.framework */; };
		8DBD194C1C15CAC50073BE8B /* Project.swift in Sources */ = {isa = PBXBuildFile; fileRef = 8DBD194B1C15CAC50073BE8B /* Project.swift */; };
		8DBD195B1C15CDEC0073BE8B /* Team.swift in Sources */ = {isa = PBXBuildFile; fileRef = 8DBD195A1C15CDEC0073BE8B /* Team.swift */; };
		8DBD195D1C15D1C60073BE8B /* User.swift in Sources */ = {isa = PBXBuildFile; fileRef = 8DBD195C1C15D1C60073BE8B /* User.swift */; };
		8DCD90651D1167E400E36D7E /* AdditionFooterView.swift in Sources */ = {isa = PBXBuildFile; fileRef = 8DCD90641D1167E400E36D7E /* AdditionFooterView.swift */; };
		8DCD90671D1167FB00E36D7E /* AdditionFooterView.xib in Resources */ = {isa = PBXBuildFile; fileRef = 8DCD90661D1167FB00E36D7E /* AdditionFooterView.xib */; };
		8DCD906B1D118BB700E36D7E /* ProjectCreationViewController.swift in Sources */ = {isa = PBXBuildFile; fileRef = 8DCD906A1D118BB700E36D7E /* ProjectCreationViewController.swift */; };
		8DD2366A1CFAFC0000B7C8B6 /* Kalam-Bold.ttf in Resources */ = {isa = PBXBuildFile; fileRef = 8DD236591CFAFB6D00B7C8B6 /* Kalam-Bold.ttf */; };
		8DD2366B1CFAFC0000B7C8B6 /* Kalam-Light.ttf in Resources */ = {isa = PBXBuildFile; fileRef = 8DD2365A1CFAFB6D00B7C8B6 /* Kalam-Light.ttf */; };
		8DD2366C1CFAFC0000B7C8B6 /* Kalam-Regular.ttf in Resources */ = {isa = PBXBuildFile; fileRef = 8DD2365B1CFAFB6D00B7C8B6 /* Kalam-Regular.ttf */; };
		8DD2366D1CFAFC0000B7C8B6 /* Roboto-Black.ttf in Resources */ = {isa = PBXBuildFile; fileRef = 8DD2365C1CFAFB6D00B7C8B6 /* Roboto-Black.ttf */; };
		8DD2366E1CFAFC0000B7C8B6 /* Roboto-BlackItalic.ttf in Resources */ = {isa = PBXBuildFile; fileRef = 8DD2365D1CFAFB6D00B7C8B6 /* Roboto-BlackItalic.ttf */; };
		8DD2366F1CFAFC0000B7C8B6 /* Roboto-Bold.ttf in Resources */ = {isa = PBXBuildFile; fileRef = 8DD2365E1CFAFB6D00B7C8B6 /* Roboto-Bold.ttf */; };
		8DD236701CFAFC0000B7C8B6 /* Roboto-BoldItalic.ttf in Resources */ = {isa = PBXBuildFile; fileRef = 8DD2365F1CFAFB6D00B7C8B6 /* Roboto-BoldItalic.ttf */; };
		8DD236711CFAFC0000B7C8B6 /* Roboto-Italic.ttf in Resources */ = {isa = PBXBuildFile; fileRef = 8DD236601CFAFB6D00B7C8B6 /* Roboto-Italic.ttf */; };
		8DD236721CFAFC0000B7C8B6 /* Roboto-Light.ttf in Resources */ = {isa = PBXBuildFile; fileRef = 8DD236611CFAFB6D00B7C8B6 /* Roboto-Light.ttf */; };
		8DD236731CFAFC0000B7C8B6 /* Roboto-LightItalic.ttf in Resources */ = {isa = PBXBuildFile; fileRef = 8DD236621CFAFB6D00B7C8B6 /* Roboto-LightItalic.ttf */; };
		8DD236741CFAFC0000B7C8B6 /* Roboto-Medium.ttf in Resources */ = {isa = PBXBuildFile; fileRef = 8DD236631CFAFB6D00B7C8B6 /* Roboto-Medium.ttf */; };
		8DD236751CFAFC0000B7C8B6 /* Roboto-MediumItalic.ttf in Resources */ = {isa = PBXBuildFile; fileRef = 8DD236641CFAFB6D00B7C8B6 /* Roboto-MediumItalic.ttf */; };
		8DD236761CFAFC0000B7C8B6 /* Roboto-Regular.ttf in Resources */ = {isa = PBXBuildFile; fileRef = 8DD236651CFAFB6D00B7C8B6 /* Roboto-Regular.ttf */; };
		8DD236771CFAFC0000B7C8B6 /* Roboto-Thin.ttf in Resources */ = {isa = PBXBuildFile; fileRef = 8DD236661CFAFB6D00B7C8B6 /* Roboto-Thin.ttf */; };
		8DD236781CFAFC0000B7C8B6 /* Roboto-ThinItalic.ttf in Resources */ = {isa = PBXBuildFile; fileRef = 8DD236671CFAFB6D00B7C8B6 /* Roboto-ThinItalic.ttf */; };
		8DD2367A1CFAFC1A00B7C8B6 /* Font.swift in Sources */ = {isa = PBXBuildFile; fileRef = 8DD236791CFAFC1A00B7C8B6 /* Font.swift */; };
		8DD8976E1C19760E007DA303 /* DrawingPath.swift in Sources */ = {isa = PBXBuildFile; fileRef = 8DD8976D1C19760E007DA303 /* DrawingPath.swift */; };
		8DE74F491C21A97800B60F0D /* DrawableScrollView.swift in Sources */ = {isa = PBXBuildFile; fileRef = 8DE74F481C21A97800B60F0D /* DrawableScrollView.swift */; };
		8DEB6EEB1C2060D200B9BF9F /* UserTeamColor.swift in Sources */ = {isa = PBXBuildFile; fileRef = 8DEB6EEA1C2060D200B9BF9F /* UserTeamColor.swift */; };
		AC307FF71BF1F69300C28D5D /* AppDelegate.swift in Sources */ = {isa = PBXBuildFile; fileRef = AC307FF61BF1F69300C28D5D /* AppDelegate.swift */; };
		AC307FF91BF1F69300C28D5D /* ViewController.swift in Sources */ = {isa = PBXBuildFile; fileRef = AC307FF81BF1F69300C28D5D /* ViewController.swift */; };
		AC307FFC1BF1F69300C28D5D /* Main.storyboard in Resources */ = {isa = PBXBuildFile; fileRef = AC307FFA1BF1F69300C28D5D /* Main.storyboard */; };
		AC307FFE1BF1F69300C28D5D /* Assets.xcassets in Resources */ = {isa = PBXBuildFile; fileRef = AC307FFD1BF1F69300C28D5D /* Assets.xcassets */; };
		AC3080011BF1F69300C28D5D /* LaunchScreen.storyboard in Resources */ = {isa = PBXBuildFile; fileRef = AC307FFF1BF1F69300C28D5D /* LaunchScreen.storyboard */; };
		AC778DE91BF1F86E00669BD7 /* DrawableView.swift in Sources */ = {isa = PBXBuildFile; fileRef = AC778DE81BF1F86E00669BD7 /* DrawableView.swift */; };
/* End PBXBuildFile section */

/* Begin PBXContainerItemProxy section */
		8DAD0D7F1D12AB8D00E7782A /* PBXContainerItemProxy */ = {
			isa = PBXContainerItemProxy;
			containerPortal = AC307FEB1BF1F69300C28D5D /* Project object */;
			proxyType = 1;
			remoteGlobalIDString = AC307FF21BF1F69300C28D5D;
			remoteInfo = Collabboard;
		};
/* End PBXContainerItemProxy section */

/* Begin PBXCopyFilesBuildPhase section */
		8D9E8DFB1C6219AD0076030A /* Embed Frameworks */ = {
			isa = PBXCopyFilesBuildPhase;
			buildActionMask = 2147483647;
			dstPath = "";
			dstSubfolderSpec = 10;
			files = (
			);
			name = "Embed Frameworks";
			runOnlyForDeploymentPostprocessing = 0;
		};
/* End PBXCopyFilesBuildPhase section */

/* Begin PBXFileReference section */
		48D02644EE54D2A559F65FF0 /* Pods-Collabboard.debug.xcconfig */ = {isa = PBXFileReference; includeInIndex = 1; lastKnownFileType = text.xcconfig; name = "Pods-Collabboard.debug.xcconfig"; path = "Pods/Target Support Files/Pods-Collabboard/Pods-Collabboard.debug.xcconfig"; sourceTree = "<group>"; };
		8D008E3F1CF07C4700005B59 /* DFTextField.swift */ = {isa = PBXFileReference; fileEncoding = 4; lastKnownFileType = sourcecode.swift; path = DFTextField.swift; sourceTree = "<group>"; };
		8D0179F21CEB7FE3008B7B9D /* OnBoarding.storyboard */ = {isa = PBXFileReference; fileEncoding = 4; lastKnownFileType = file.storyboard; path = OnBoarding.storyboard; sourceTree = "<group>"; };
		8D017A031CEB9A03008B7B9D /* FirstTeamCreationViewController.swift */ = {isa = PBXFileReference; fileEncoding = 4; lastKnownFileType = sourcecode.swift; path = FirstTeamCreationViewController.swift; sourceTree = "<group>"; };
		8D017A051CEB9A8E008B7B9D /* UserConfigurationViewController.swift */ = {isa = PBXFileReference; fileEncoding = 4; lastKnownFileType = sourcecode.swift; path = UserConfigurationViewController.swift; sourceTree = "<group>"; };
		8D058ADD1C17314F00A2D076 /* Point.swift */ = {isa = PBXFileReference; fileEncoding = 4; lastKnownFileType = sourcecode.swift; path = Point.swift; sourceTree = "<group>"; };
		8D05D6741C187963008B7A7E /* Drawing.swift */ = {isa = PBXFileReference; fileEncoding = 4; lastKnownFileType = sourcecode.swift; path = Drawing.swift; sourceTree = "<group>"; };
		8D0D6DC31C441AF10018CE41 /* ColorGenerationViewController.swift */ = {isa = PBXFileReference; fileEncoding = 4; lastKnownFileType = sourcecode.swift; path = ColorGenerationViewController.swift; sourceTree = "<group>"; };
		8D1120191C1ED23F000E041B /* TeamTableViewController.swift */ = {isa = PBXFileReference; fileEncoding = 4; lastKnownFileType = sourcecode.swift; path = TeamTableViewController.swift; sourceTree = "<group>"; };
		8D11201D1C1EFEB9000E041B /* ProjectTableViewController.swift */ = {isa = PBXFileReference; fileEncoding = 4; lastKnownFileType = sourcecode.swift; path = ProjectTableViewController.swift; sourceTree = "<group>"; };
		8D13B4F51C1ACAC6005F7325 /* Constants.swift */ = {isa = PBXFileReference; fileEncoding = 4; lastKnownFileType = sourcecode.swift; path = Constants.swift; sourceTree = "<group>"; };
		8D2456A31D156BAB0071FC49 /* DFButton.swift */ = {isa = PBXFileReference; fileEncoding = 4; lastKnownFileType = sourcecode.swift; path = DFButton.swift; sourceTree = "<group>"; };
		8D2A787E1CED952F00C3F778 /* GoogleService-Info.plist */ = {isa = PBXFileReference; fileEncoding = 4; lastKnownFileType = text.plist.xml; path = "GoogleService-Info.plist"; sourceTree = "<group>"; };
		8D2F0CB91D0EEDFC0065B7CF /* UserTableViewCell.swift */ = {isa = PBXFileReference; fileEncoding = 4; lastKnownFileType = sourcecode.swift; path = UserTableViewCell.swift; sourceTree = "<group>"; };
		8D2F0CBA1D0EEDFC0065B7CF /* UserTableViewCell.xib */ = {isa = PBXFileReference; fileEncoding = 4; lastKnownFileType = file.xib; path = UserTableViewCell.xib; sourceTree = "<group>"; };
		8D3CF1921C159514006D23C7 /* UIBezierPathExtension.swift */ = {isa = PBXFileReference; fileEncoding = 4; lastKnownFileType = sourcecode.swift; path = UIBezierPathExtension.swift; sourceTree = "<group>"; };
		8D485B1B1CE9B39400465E69 /* Color.swift */ = {isa = PBXFileReference; fileEncoding = 4; lastKnownFileType = sourcecode.swift; lineEnding = 0; path = Color.swift; sourceTree = "<group>"; xcLanguageSpecificationIdentifier = xcode.lang.swift; };
		8D4981E71C65EC6700BC6067 /* ConnectedUsersTableViewController.swift */ = {isa = PBXFileReference; fileEncoding = 4; lastKnownFileType = sourcecode.swift; lineEnding = 0; path = ConnectedUsersTableViewController.swift; sourceTree = "<group>"; xcLanguageSpecificationIdentifier = xcode.lang.swift; };
		8D6DF5701CE8BC51008B7E95 /* Images.swift */ = {isa = PBXFileReference; fileEncoding = 4; lastKnownFileType = sourcecode.swift; path = Images.swift; sourceTree = "<group>"; };
		8D6DF5711CE8BC51008B7E95 /* Storyboard.swift */ = {isa = PBXFileReference; fileEncoding = 4; lastKnownFileType = sourcecode.swift; path = Storyboard.swift; sourceTree = "<group>"; };
		8D70D6901CF0BABE00B3754D /* OnboardingViewController.swift */ = {isa = PBXFileReference; fileEncoding = 4; lastKnownFileType = sourcecode.swift; lineEnding = 0; path = OnboardingViewController.swift; sourceTree = "<group>"; xcLanguageSpecificationIdentifier = xcode.lang.swift; };
		8D7FCC681D09690300C9485F /* ProjectTableViewCell.swift */ = {isa = PBXFileReference; fileEncoding = 4; lastKnownFileType = sourcecode.swift; path = ProjectTableViewCell.swift; sourceTree = "<group>"; };
		8D7FCC691D09690300C9485F /* ProjectTableViewCell.xib */ = {isa = PBXFileReference; fileEncoding = 4; lastKnownFileType = file.xib; path = ProjectTableViewCell.xib; sourceTree = "<group>"; };
		8D7FCC6C1D09691300C9485F /* TeamTableViewCell.swift */ = {isa = PBXFileReference; fileEncoding = 4; lastKnownFileType = sourcecode.swift; path = TeamTableViewCell.swift; sourceTree = "<group>"; };
		8D7FCC6D1D09691300C9485F /* TeamTableViewCell.xib */ = {isa = PBXFileReference; fileEncoding = 4; lastKnownFileType = file.xib; path = TeamTableViewCell.xib; sourceTree = "<group>"; };
		8D91F2C01C7B38C3001D6A4E /* ColorGenerator.swift */ = {isa = PBXFileReference; fileEncoding = 4; lastKnownFileType = sourcecode.swift; path = ColorGenerator.swift; sourceTree = "<group>"; };
		8D91FD041C6876E20088F0FA /* CBFirebase.swift */ = {isa = PBXFileReference; fileEncoding = 4; lastKnownFileType = sourcecode.swift; path = CBFirebase.swift; sourceTree = "<group>"; };
		8D91FD081C6B31650088F0FA /* TouchThroughView.swift */ = {isa = PBXFileReference; fileEncoding = 4; lastKnownFileType = sourcecode.swift; path = TouchThroughView.swift; sourceTree = "<group>"; };
		8D91FD0A1C6B5AD60088F0FA /* DrawableTextView.swift */ = {isa = PBXFileReference; fileEncoding = 4; lastKnownFileType = sourcecode.swift; path = DrawableTextView.swift; sourceTree = "<group>"; };
		8D9679C91C4535B8009B2299 /* Base */ = {isa = PBXFileReference; lastKnownFileType = file.storyboard; name = Base; path = Base.lproj/CreationStoryboard.storyboard; sourceTree = "<group>"; };
		8D9679CD1C453603009B2299 /* TeamCreationViewController.swift */ = {isa = PBXFileReference; fileEncoding = 4; lastKnownFileType = sourcecode.swift; path = TeamCreationViewController.swift; sourceTree = "<group>"; };
		8DA5F3DF1CF9BCB900A37E33 /* WelcomView.swift */ = {isa = PBXFileReference; fileEncoding = 4; lastKnownFileType = sourcecode.swift; path = WelcomView.swift; sourceTree = "<group>"; };
		8DA5F3E11CF9BCD600A37E33 /* WelcomView.xib */ = {isa = PBXFileReference; fileEncoding = 4; lastKnownFileType = file.xib; path = WelcomView.xib; sourceTree = "<group>"; };
		8DA5F3E31CF9C4EE00A37E33 /* GetStartedView.swift */ = {isa = PBXFileReference; fileEncoding = 4; lastKnownFileType = sourcecode.swift; path = GetStartedView.swift; sourceTree = "<group>"; };
		8DA5F3E61CF9C50B00A37E33 /* GetStartedView.xib */ = {isa = PBXFileReference; fileEncoding = 4; lastKnownFileType = file.xib; path = GetStartedView.xib; sourceTree = "<group>"; };
		8DAD0D7A1D12AB8D00E7782A /* CollabboardTests.xctest */ = {isa = PBXFileReference; explicitFileType = wrapper.cfbundle; includeInIndex = 0; path = CollabboardTests.xctest; sourceTree = BUILT_PRODUCTS_DIR; };
		8DAD0D7C1D12AB8D00E7782A /* CollabboardTests.swift */ = {isa = PBXFileReference; lastKnownFileType = sourcecode.swift; path = CollabboardTests.swift; sourceTree = "<group>"; };
		8DAD0D7E1D12AB8D00E7782A /* Info.plist */ = {isa = PBXFileReference; lastKnownFileType = text.plist.xml; path = Info.plist; sourceTree = "<group>"; };
		8DB6D07C1CDF526100B73529 /* ToolsViewController.swift */ = {isa = PBXFileReference; fileEncoding = 4; lastKnownFileType = sourcecode.swift; lineEnding = 0; path = ToolsViewController.swift; sourceTree = "<group>"; xcLanguageSpecificationIdentifier = xcode.lang.swift; };
		8DBAEF9F1D16E83C006ABCE9 /* Text.swift */ = {isa = PBXFileReference; fileEncoding = 4; lastKnownFileType = sourcecode.swift; path = Text.swift; sourceTree = "<group>"; };
		8DBD19471C15C9ED0073BE8B /* Mentor.entitlements */ = {isa = PBXFileReference; lastKnownFileType = text.xml; path = Mentor.entitlements; sourceTree = "<group>"; };
		8DBD19481C15C9F30073BE8B /* CloudKit.framework */ = {isa = PBXFileReference; lastKnownFileType = wrapper.framework; name = CloudKit.framework; path = System/Library/Frameworks/CloudKit.framework; sourceTree = SDKROOT; };
		8DBD194B1C15CAC50073BE8B /* Project.swift */ = {isa = PBXFileReference; fileEncoding = 4; lastKnownFileType = sourcecode.swift; path = Project.swift; sourceTree = "<group>"; };
		8DBD195A1C15CDEC0073BE8B /* Team.swift */ = {isa = PBXFileReference; fileEncoding = 4; lastKnownFileType = sourcecode.swift; path = Team.swift; sourceTree = "<group>"; };
		8DBD195C1C15D1C60073BE8B /* User.swift */ = {isa = PBXFileReference; fileEncoding = 4; lastKnownFileType = sourcecode.swift; path = User.swift; sourceTree = "<group>"; };
		8DCD90641D1167E400E36D7E /* AdditionFooterView.swift */ = {isa = PBXFileReference; fileEncoding = 4; lastKnownFileType = sourcecode.swift; path = AdditionFooterView.swift; sourceTree = "<group>"; };
		8DCD90661D1167FB00E36D7E /* AdditionFooterView.xib */ = {isa = PBXFileReference; fileEncoding = 4; lastKnownFileType = file.xib; path = AdditionFooterView.xib; sourceTree = "<group>"; };
		8DCD906A1D118BB700E36D7E /* ProjectCreationViewController.swift */ = {isa = PBXFileReference; fileEncoding = 4; lastKnownFileType = sourcecode.swift; path = ProjectCreationViewController.swift; sourceTree = "<group>"; };
		8DD236591CFAFB6D00B7C8B6 /* Kalam-Bold.ttf */ = {isa = PBXFileReference; lastKnownFileType = file; path = "Kalam-Bold.ttf"; sourceTree = "<group>"; };
		8DD2365A1CFAFB6D00B7C8B6 /* Kalam-Light.ttf */ = {isa = PBXFileReference; lastKnownFileType = file; path = "Kalam-Light.ttf"; sourceTree = "<group>"; };
		8DD2365B1CFAFB6D00B7C8B6 /* Kalam-Regular.ttf */ = {isa = PBXFileReference; lastKnownFileType = file; path = "Kalam-Regular.ttf"; sourceTree = "<group>"; };
		8DD2365C1CFAFB6D00B7C8B6 /* Roboto-Black.ttf */ = {isa = PBXFileReference; lastKnownFileType = file; path = "Roboto-Black.ttf"; sourceTree = "<group>"; };
		8DD2365D1CFAFB6D00B7C8B6 /* Roboto-BlackItalic.ttf */ = {isa = PBXFileReference; lastKnownFileType = file; path = "Roboto-BlackItalic.ttf"; sourceTree = "<group>"; };
		8DD2365E1CFAFB6D00B7C8B6 /* Roboto-Bold.ttf */ = {isa = PBXFileReference; lastKnownFileType = file; path = "Roboto-Bold.ttf"; sourceTree = "<group>"; };
		8DD2365F1CFAFB6D00B7C8B6 /* Roboto-BoldItalic.ttf */ = {isa = PBXFileReference; lastKnownFileType = file; path = "Roboto-BoldItalic.ttf"; sourceTree = "<group>"; };
		8DD236601CFAFB6D00B7C8B6 /* Roboto-Italic.ttf */ = {isa = PBXFileReference; lastKnownFileType = file; path = "Roboto-Italic.ttf"; sourceTree = "<group>"; };
		8DD236611CFAFB6D00B7C8B6 /* Roboto-Light.ttf */ = {isa = PBXFileReference; lastKnownFileType = file; path = "Roboto-Light.ttf"; sourceTree = "<group>"; };
		8DD236621CFAFB6D00B7C8B6 /* Roboto-LightItalic.ttf */ = {isa = PBXFileReference; lastKnownFileType = file; path = "Roboto-LightItalic.ttf"; sourceTree = "<group>"; };
		8DD236631CFAFB6D00B7C8B6 /* Roboto-Medium.ttf */ = {isa = PBXFileReference; lastKnownFileType = file; path = "Roboto-Medium.ttf"; sourceTree = "<group>"; };
		8DD236641CFAFB6D00B7C8B6 /* Roboto-MediumItalic.ttf */ = {isa = PBXFileReference; lastKnownFileType = file; path = "Roboto-MediumItalic.ttf"; sourceTree = "<group>"; };
		8DD236651CFAFB6D00B7C8B6 /* Roboto-Regular.ttf */ = {isa = PBXFileReference; lastKnownFileType = file; path = "Roboto-Regular.ttf"; sourceTree = "<group>"; };
		8DD236661CFAFB6D00B7C8B6 /* Roboto-Thin.ttf */ = {isa = PBXFileReference; lastKnownFileType = file; path = "Roboto-Thin.ttf"; sourceTree = "<group>"; };
		8DD236671CFAFB6D00B7C8B6 /* Roboto-ThinItalic.ttf */ = {isa = PBXFileReference; lastKnownFileType = file; path = "Roboto-ThinItalic.ttf"; sourceTree = "<group>"; };
		8DD236791CFAFC1A00B7C8B6 /* Font.swift */ = {isa = PBXFileReference; fileEncoding = 4; lastKnownFileType = sourcecode.swift; path = Font.swift; sourceTree = "<group>"; };
		8DD8976D1C19760E007DA303 /* DrawingPath.swift */ = {isa = PBXFileReference; fileEncoding = 4; lastKnownFileType = sourcecode.swift; path = DrawingPath.swift; sourceTree = "<group>"; };
		8DE74F481C21A97800B60F0D /* DrawableScrollView.swift */ = {isa = PBXFileReference; fileEncoding = 4; lastKnownFileType = sourcecode.swift; path = DrawableScrollView.swift; sourceTree = "<group>"; };
		8DEB6EEA1C2060D200B9BF9F /* UserTeamColor.swift */ = {isa = PBXFileReference; fileEncoding = 4; lastKnownFileType = sourcecode.swift; path = UserTeamColor.swift; sourceTree = "<group>"; };
		9E35B7671164317CAE5259CE /* Pods_Collabboard.framework */ = {isa = PBXFileReference; explicitFileType = wrapper.framework; includeInIndex = 0; path = Pods_Collabboard.framework; sourceTree = BUILT_PRODUCTS_DIR; };
		AC307FF31BF1F69300C28D5D /* Collabboard.app */ = {isa = PBXFileReference; explicitFileType = wrapper.application; includeInIndex = 0; path = Collabboard.app; sourceTree = BUILT_PRODUCTS_DIR; };
		AC307FF61BF1F69300C28D5D /* AppDelegate.swift */ = {isa = PBXFileReference; lastKnownFileType = sourcecode.swift; path = AppDelegate.swift; sourceTree = "<group>"; };
		AC307FF81BF1F69300C28D5D /* ViewController.swift */ = {isa = PBXFileReference; lastKnownFileType = sourcecode.swift; lineEnding = 0; path = ViewController.swift; sourceTree = "<group>"; xcLanguageSpecificationIdentifier = xcode.lang.swift; };
		AC307FFB1BF1F69300C28D5D /* Base */ = {isa = PBXFileReference; lastKnownFileType = file.storyboard; name = Base; path = Base.lproj/Main.storyboard; sourceTree = "<group>"; };
		AC307FFD1BF1F69300C28D5D /* Assets.xcassets */ = {isa = PBXFileReference; lastKnownFileType = folder.assetcatalog; path = Assets.xcassets; sourceTree = "<group>"; };
		AC3080001BF1F69300C28D5D /* Base */ = {isa = PBXFileReference; lastKnownFileType = file.storyboard; name = Base; path = Base.lproj/LaunchScreen.storyboard; sourceTree = "<group>"; };
		AC3080021BF1F69300C28D5D /* Info.plist */ = {isa = PBXFileReference; lastKnownFileType = text.plist.xml; path = Info.plist; sourceTree = "<group>"; };
		AC778DE81BF1F86E00669BD7 /* DrawableView.swift */ = {isa = PBXFileReference; fileEncoding = 4; lastKnownFileType = sourcecode.swift; lineEnding = 0; path = DrawableView.swift; sourceTree = "<group>"; xcLanguageSpecificationIdentifier = xcode.lang.swift; };
		ADAF43C211E74118C7C52F2B /* Pods-Collabboard.release.xcconfig */ = {isa = PBXFileReference; includeInIndex = 1; lastKnownFileType = text.xcconfig; name = "Pods-Collabboard.release.xcconfig"; path = "Pods/Target Support Files/Pods-Collabboard/Pods-Collabboard.release.xcconfig"; sourceTree = "<group>"; };
/* End PBXFileReference section */

/* Begin PBXFrameworksBuildPhase section */
		8DAD0D771D12AB8D00E7782A /* Frameworks */ = {
			isa = PBXFrameworksBuildPhase;
			buildActionMask = 2147483647;
			files = (
			);
			runOnlyForDeploymentPostprocessing = 0;
		};
		AC307FF01BF1F69300C28D5D /* Frameworks */ = {
			isa = PBXFrameworksBuildPhase;
			buildActionMask = 2147483647;
			files = (
				8DBD19491C15C9F30073BE8B /* CloudKit.framework in Frameworks */,
				184BB10B58C49C36575784DD /* Pods_Collabboard.framework in Frameworks */,
			);
			runOnlyForDeploymentPostprocessing = 0;
		};
/* End PBXFrameworksBuildPhase section */

/* Begin PBXGroup section */
		06E6CF46489B7F6E1A244BF4 /* Pods */ = {
			isa = PBXGroup;
			children = (
				48D02644EE54D2A559F65FF0 /* Pods-Collabboard.debug.xcconfig */,
				ADAF43C211E74118C7C52F2B /* Pods-Collabboard.release.xcconfig */,
			);
			name = Pods;
			sourceTree = "<group>";
		};
		8D008E3C1CF07C0000005B59 /* UISubclasses */ = {
			isa = PBXGroup;
			children = (
				8D008E3F1CF07C4700005B59 /* DFTextField.swift */,
				8D2456A31D156BAB0071FC49 /* DFButton.swift */,
			);
			path = UISubclasses;
			sourceTree = "<group>";
		};
		8D017A021CEB99BF008B7B9D /* OnBoarding */ = {
			isa = PBXGroup;
			children = (
				8D017A031CEB9A03008B7B9D /* FirstTeamCreationViewController.swift */,
				8D70D6901CF0BABE00B3754D /* OnboardingViewController.swift */,
				8D017A051CEB9A8E008B7B9D /* UserConfigurationViewController.swift */,
			);
			path = OnBoarding;
			sourceTree = "<group>";
		};
		8D13B4F41C1ACA98005F7325 /* Helpers */ = {
			isa = PBXGroup;
			children = (
				8D6DF5701CE8BC51008B7E95 /* Images.swift */,
				8D6DF5711CE8BC51008B7E95 /* Storyboard.swift */,
				8D13B4F51C1ACAC6005F7325 /* Constants.swift */,
				8D91FD041C6876E20088F0FA /* CBFirebase.swift */,
				8D91FD081C6B31650088F0FA /* TouchThroughView.swift */,
				8D91F2C01C7B38C3001D6A4E /* ColorGenerator.swift */,
				8D485B1B1CE9B39400465E69 /* Color.swift */,
				8DD236791CFAFC1A00B7C8B6 /* Font.swift */,
			);
			path = Helpers;
			sourceTree = "<group>";
		};
		8D3CF1911C1594F5006D23C7 /* Hermite */ = {
			isa = PBXGroup;
			children = (
				8D3CF1921C159514006D23C7 /* UIBezierPathExtension.swift */,
			);
			path = Hermite;
			sourceTree = "<group>";
		};
		8D4981EB1C65EC9C00BC6067 /* StoryBoards */ = {
			isa = PBXGroup;
			children = (
				8D9679C81C4535B8009B2299 /* CreationStoryboard.storyboard */,
				AC307FFF1BF1F69300C28D5D /* LaunchScreen.storyboard */,
				AC307FFA1BF1F69300C28D5D /* Main.storyboard */,
				8D0179F21CEB7FE3008B7B9D /* OnBoarding.storyboard */,
			);
			name = StoryBoards;
			sourceTree = "<group>";
		};
		8D70D68D1CF0956B00B3754D /* Resources */ = {
			isa = PBXGroup;
			children = (
				8DD236591CFAFB6D00B7C8B6 /* Kalam-Bold.ttf */,
				8DD2365A1CFAFB6D00B7C8B6 /* Kalam-Light.ttf */,
				8DD2365B1CFAFB6D00B7C8B6 /* Kalam-Regular.ttf */,
				8DD2365C1CFAFB6D00B7C8B6 /* Roboto-Black.ttf */,
				8DD2365D1CFAFB6D00B7C8B6 /* Roboto-BlackItalic.ttf */,
				8DD2365E1CFAFB6D00B7C8B6 /* Roboto-Bold.ttf */,
				8DD2365F1CFAFB6D00B7C8B6 /* Roboto-BoldItalic.ttf */,
				8DD236601CFAFB6D00B7C8B6 /* Roboto-Italic.ttf */,
				8DD236611CFAFB6D00B7C8B6 /* Roboto-Light.ttf */,
				8DD236621CFAFB6D00B7C8B6 /* Roboto-LightItalic.ttf */,
				8DD236631CFAFB6D00B7C8B6 /* Roboto-Medium.ttf */,
				8DD236641CFAFB6D00B7C8B6 /* Roboto-MediumItalic.ttf */,
				8DD236651CFAFB6D00B7C8B6 /* Roboto-Regular.ttf */,
				8DD236661CFAFB6D00B7C8B6 /* Roboto-Thin.ttf */,
				8DD236671CFAFB6D00B7C8B6 /* Roboto-ThinItalic.ttf */,
			);
			path = Resources;
			sourceTree = "<group>";
		};
		8D7FCC651D0968B700C9485F /* Cells */ = {
			isa = PBXGroup;
			children = (
				8D7FCC681D09690300C9485F /* ProjectTableViewCell.swift */,
				8D7FCC691D09690300C9485F /* ProjectTableViewCell.xib */,
				8D7FCC6C1D09691300C9485F /* TeamTableViewCell.swift */,
				8D7FCC6D1D09691300C9485F /* TeamTableViewCell.xib */,
				8D2F0CB91D0EEDFC0065B7CF /* UserTableViewCell.swift */,
				8D2F0CBA1D0EEDFC0065B7CF /* UserTableViewCell.xib */,
			);
			path = Cells;
			sourceTree = "<group>";
		};
		8D9BBF171D168ABE00848590 /* Shared */ = {
			isa = PBXGroup;
			children = (
				8D0D6DC31C441AF10018CE41 /* ColorGenerationViewController.swift */,
			);
			path = Shared;
			sourceTree = "<group>";
		};
		8D9BBF191D168B2600848590 /* Users */ = {
			isa = PBXGroup;
			children = (
				8D4981E71C65EC6700BC6067 /* ConnectedUsersTableViewController.swift */,
				8D11201D1C1EFEB9000E041B /* ProjectTableViewController.swift */,
				8D1120191C1ED23F000E041B /* TeamTableViewController.swift */,
			);
			path = Users;
			sourceTree = "<group>";
		};
		8D9BBF1A1D168B7000848590 /* Accessories */ = {
			isa = PBXGroup;
			children = (
				8DB6D07C1CDF526100B73529 /* ToolsViewController.swift */,
			);
			path = Accessories;
			sourceTree = "<group>";
		};
		8D9BBF1B1D168B8F00848590 /* Main */ = {
			isa = PBXGroup;
			children = (
				AC307FF81BF1F69300C28D5D /* ViewController.swift */,
			);
			path = Main;
			sourceTree = "<group>";
		};
		8D9BBF1C1D168C9700848590 /* Drawing */ = {
			isa = PBXGroup;
			children = (
				8DE74F481C21A97800B60F0D /* DrawableScrollView.swift */,
				8D91FD0A1C6B5AD60088F0FA /* DrawableTextView.swift */,
				AC778DE81BF1F86E00669BD7 /* DrawableView.swift */,
			);
			path = Drawing;
			sourceTree = "<group>";
		};
		8DA5F3DC1CF9BC7000A37E33 /* OnBoarding */ = {
			isa = PBXGroup;
			children = (
				8DA5F3DF1CF9BCB900A37E33 /* WelcomView.swift */,
				8DA5F3E11CF9BCD600A37E33 /* WelcomView.xib */,
				8DA5F3E31CF9C4EE00A37E33 /* GetStartedView.swift */,
				8DA5F3E61CF9C50B00A37E33 /* GetStartedView.xib */,
			);
			path = OnBoarding;
			sourceTree = "<group>";
		};
		8DAD0D7B1D12AB8D00E7782A /* CollabboardTests */ = {
			isa = PBXGroup;
			children = (
				8DAD0D7C1D12AB8D00E7782A /* CollabboardTests.swift */,
				8DAD0D7E1D12AB8D00E7782A /* Info.plist */,
			);
			path = CollabboardTests;
			sourceTree = "<group>";
		};
		8DBD194A1C15CA6D0073BE8B /* Model */ = {
			isa = PBXGroup;
			children = (
				8DD8976D1C19760E007DA303 /* DrawingPath.swift */,
				8D05D6741C187963008B7A7E /* Drawing.swift */,
				8D058ADD1C17314F00A2D076 /* Point.swift */,
				8DBD194B1C15CAC50073BE8B /* Project.swift */,
				8DBD195A1C15CDEC0073BE8B /* Team.swift */,
				8DBD195C1C15D1C60073BE8B /* User.swift */,
				8DEB6EEA1C2060D200B9BF9F /* UserTeamColor.swift */,
				8DBAEF9F1D16E83C006ABCE9 /* Text.swift */,
			);
			path = Model;
			sourceTree = "<group>";
		};
		8DCD90631D11679800E36D7E /* FooterViews */ = {
			isa = PBXGroup;
			children = (
				8DCD90641D1167E400E36D7E /* AdditionFooterView.swift */,
				8DCD90661D1167FB00E36D7E /* AdditionFooterView.xib */,
			);
			path = FooterViews;
			sourceTree = "<group>";
		};
		8DCD90691D118B7100E36D7E /* Creations */ = {
			isa = PBXGroup;
			children = (
				8DCD906A1D118BB700E36D7E /* ProjectCreationViewController.swift */,
				8D9679CD1C453603009B2299 /* TeamCreationViewController.swift */,
			);
			path = Creations;
			sourceTree = "<group>";
		};
		A0D3A4118E105A9B28EDEC64 /* Frameworks */ = {
			isa = PBXGroup;
			children = (
				9E35B7671164317CAE5259CE /* Pods_Collabboard.framework */,
			);
			name = Frameworks;
			sourceTree = "<group>";
		};
		AC307FEA1BF1F69300C28D5D = {
			isa = PBXGroup;
			children = (
				AC307FF51BF1F69300C28D5D /* Collabboard */,
				8DAD0D7B1D12AB8D00E7782A /* CollabboardTests */,
				AC307FF41BF1F69300C28D5D /* Products */,
				06E6CF46489B7F6E1A244BF4 /* Pods */,
				A0D3A4118E105A9B28EDEC64 /* Frameworks */,
			);
			sourceTree = "<group>";
		};
		AC307FF41BF1F69300C28D5D /* Products */ = {
			isa = PBXGroup;
			children = (
				AC307FF31BF1F69300C28D5D /* Collabboard.app */,
				8DAD0D7A1D12AB8D00E7782A /* CollabboardTests.xctest */,
			);
			name = Products;
			sourceTree = "<group>";
		};
		AC307FF51BF1F69300C28D5D /* Collabboard */ = {
			isa = PBXGroup;
			children = (
				AC307FF61BF1F69300C28D5D /* AppDelegate.swift */,
				AC307FFD1BF1F69300C28D5D /* Assets.xcassets */,
				AC778DE71BF1F81D00669BD7 /* Controllers */,
				ACA2D7C21BF64FDE0005E8CE /* Dependencies */,
				8D2A787E1CED952F00C3F778 /* GoogleService-Info.plist */,
				8D13B4F41C1ACA98005F7325 /* Helpers */,
				8D3CF1911C1594F5006D23C7 /* Hermite */,
				AC3080021BF1F69300C28D5D /* Info.plist */,
				8DBD19471C15C9ED0073BE8B /* Mentor.entitlements */,
				8DBD194A1C15CA6D0073BE8B /* Model */,
				8D70D68D1CF0956B00B3754D /* Resources */,
				8D4981EB1C65EC9C00BC6067 /* StoryBoards */,
				AC778DE61BF1F80B00669BD7 /* Views */,
			);
			path = Collabboard;
			sourceTree = "<group>";
		};
		AC778DE61BF1F80B00669BD7 /* Views */ = {
			isa = PBXGroup;
			children = (
				8D9BBF1C1D168C9700848590 /* Drawing */,
				8D7FCC651D0968B700C9485F /* Cells */,
				8DCD90631D11679800E36D7E /* FooterViews */,
				8DA5F3DC1CF9BC7000A37E33 /* OnBoarding */,
				8D008E3C1CF07C0000005B59 /* UISubclasses */,
			);
			path = Views;
			sourceTree = "<group>";
		};
		AC778DE71BF1F81D00669BD7 /* Controllers */ = {
			isa = PBXGroup;
			children = (
				8D9BBF1A1D168B7000848590 /* Accessories */,
				8DCD90691D118B7100E36D7E /* Creations */,
				8D9BBF1B1D168B8F00848590 /* Main */,
				8D017A021CEB99BF008B7B9D /* OnBoarding */,
				8D9BBF171D168ABE00848590 /* Shared */,
				8D9BBF191D168B2600848590 /* Users */,
			);
			path = Controllers;
			sourceTree = "<group>";
		};
		ACA2D7C21BF64FDE0005E8CE /* Dependencies */ = {
			isa = PBXGroup;
			children = (
				8DBD19481C15C9F30073BE8B /* CloudKit.framework */,
			);
			path = Dependencies;
			sourceTree = "<group>";
		};
/* End PBXGroup section */

/* Begin PBXNativeTarget section */
		8DAD0D791D12AB8D00E7782A /* CollabboardTests */ = {
			isa = PBXNativeTarget;
			buildConfigurationList = 8DAD0D851D12AB8D00E7782A /* Build configuration list for PBXNativeTarget "CollabboardTests" */;
			buildPhases = (
				8DAD0D761D12AB8D00E7782A /* Sources */,
				8DAD0D771D12AB8D00E7782A /* Frameworks */,
				8DAD0D781D12AB8D00E7782A /* Resources */,
			);
			buildRules = (
			);
			dependencies = (
				8DAD0D801D12AB8D00E7782A /* PBXTargetDependency */,
			);
			name = CollabboardTests;
			productName = CollabboardTests;
			productReference = 8DAD0D7A1D12AB8D00E7782A /* CollabboardTests.xctest */;
			productType = "com.apple.product-type.bundle.unit-test";
		};
		AC307FF21BF1F69300C28D5D /* Collabboard */ = {
			isa = PBXNativeTarget;
			buildConfigurationList = AC3080051BF1F69300C28D5D /* Build configuration list for PBXNativeTarget "Collabboard" */;
			buildPhases = (
				E01446F582D91E6CC4FF2B61 /* [CP] Check Pods Manifest.lock */,
				AC307FEF1BF1F69300C28D5D /* Sources */,
				AC307FF01BF1F69300C28D5D /* Frameworks */,
				AC307FF11BF1F69300C28D5D /* Resources */,
				6D9149C2C995F3B2D4B0289E /* [CP] Embed Pods Frameworks */,
				3B302D6B681A5BB131F7B109 /* [CP] Copy Pods Resources */,
				8D759DD21C3FE70900E793B6 /* Fabric run */,
				8D9E8DFB1C6219AD0076030A /* Embed Frameworks */,
			);
			buildRules = (
			);
			dependencies = (
			);
			name = Collabboard;
			productName = Mentor;
			productReference = AC307FF31BF1F69300C28D5D /* Collabboard.app */;
			productType = "com.apple.product-type.application";
		};
/* End PBXNativeTarget section */

/* Begin PBXProject section */
		AC307FEB1BF1F69300C28D5D /* Project object */ = {
			isa = PBXProject;
			attributes = {
				LastSwiftUpdateCheck = 0730;
				LastUpgradeCheck = 0810;
				ORGANIZATIONNAME = "Alexandre Barbier";
				TargetAttributes = {
					8DAD0D791D12AB8D00E7782A = {
						CreatedOnToolsVersion = 7.3.1;
						LastSwiftMigration = 0800;
						TestTargetID = AC307FF21BF1F69300C28D5D;
					};
					AC307FF21BF1F69300C28D5D = {
						CreatedOnToolsVersion = 7.1;
						DevelopmentTeam = GSBM8D97ZM;
						LastSwiftMigration = 0800;
						SystemCapabilities = {
							com.apple.Push = {
								enabled = 1;
							};
							com.apple.iCloud = {
								enabled = 1;
							};
						};
					};
				};
			};
			buildConfigurationList = AC307FEE1BF1F69300C28D5D /* Build configuration list for PBXProject "Collabboard" */;
			compatibilityVersion = "Xcode 3.2";
			developmentRegion = English;
			hasScannedForEncodings = 0;
			knownRegions = (
				en,
				Base,
			);
			mainGroup = AC307FEA1BF1F69300C28D5D;
			productRefGroup = AC307FF41BF1F69300C28D5D /* Products */;
			projectDirPath = "";
			projectRoot = "";
			targets = (
				AC307FF21BF1F69300C28D5D /* Collabboard */,
				8DAD0D791D12AB8D00E7782A /* CollabboardTests */,
			);
		};
/* End PBXProject section */

/* Begin PBXResourcesBuildPhase section */
		8DAD0D781D12AB8D00E7782A /* Resources */ = {
			isa = PBXResourcesBuildPhase;
			buildActionMask = 2147483647;
			files = (
			);
			runOnlyForDeploymentPostprocessing = 0;
		};
		AC307FF11BF1F69300C28D5D /* Resources */ = {
			isa = PBXResourcesBuildPhase;
			buildActionMask = 2147483647;
			files = (
				8DD2366A1CFAFC0000B7C8B6 /* Kalam-Bold.ttf in Resources */,
				8DCD90671D1167FB00E36D7E /* AdditionFooterView.xib in Resources */,
				8D7FCC6F1D09691300C9485F /* TeamTableViewCell.xib in Resources */,
				8D2F0CBC1D0EEDFC0065B7CF /* UserTableViewCell.xib in Resources */,
				8DD2366B1CFAFC0000B7C8B6 /* Kalam-Light.ttf in Resources */,
				8DD2366C1CFAFC0000B7C8B6 /* Kalam-Regular.ttf in Resources */,
				8DD2366D1CFAFC0000B7C8B6 /* Roboto-Black.ttf in Resources */,
				8DD2366E1CFAFC0000B7C8B6 /* Roboto-BlackItalic.ttf in Resources */,
				8DD2366F1CFAFC0000B7C8B6 /* Roboto-Bold.ttf in Resources */,
				8DD236701CFAFC0000B7C8B6 /* Roboto-BoldItalic.ttf in Resources */,
				8DD236711CFAFC0000B7C8B6 /* Roboto-Italic.ttf in Resources */,
				8DD236721CFAFC0000B7C8B6 /* Roboto-Light.ttf in Resources */,
				8DD236731CFAFC0000B7C8B6 /* Roboto-LightItalic.ttf in Resources */,
				8DD236741CFAFC0000B7C8B6 /* Roboto-Medium.ttf in Resources */,
				8DD236751CFAFC0000B7C8B6 /* Roboto-MediumItalic.ttf in Resources */,
				8DD236761CFAFC0000B7C8B6 /* Roboto-Regular.ttf in Resources */,
				8DD236771CFAFC0000B7C8B6 /* Roboto-Thin.ttf in Resources */,
				8DD236781CFAFC0000B7C8B6 /* Roboto-ThinItalic.ttf in Resources */,
				AC3080011BF1F69300C28D5D /* LaunchScreen.storyboard in Resources */,
				AC307FFE1BF1F69300C28D5D /* Assets.xcassets in Resources */,
				8D9679CA1C4535B8009B2299 /* CreationStoryboard.storyboard in Resources */,
				8DA5F3E21CF9BCD600A37E33 /* WelcomView.xib in Resources */,
				8D7FCC6B1D09690300C9485F /* ProjectTableViewCell.xib in Resources */,
				AC307FFC1BF1F69300C28D5D /* Main.storyboard in Resources */,
				8DA5F3E71CF9C50B00A37E33 /* GetStartedView.xib in Resources */,
				8D0179F31CEB7FE3008B7B9D /* OnBoarding.storyboard in Resources */,
				8D2A787F1CED952F00C3F778 /* GoogleService-Info.plist in Resources */,
			);
			runOnlyForDeploymentPostprocessing = 0;
		};
/* End PBXResourcesBuildPhase section */

/* Begin PBXShellScriptBuildPhase section */
		3B302D6B681A5BB131F7B109 /* [CP] Copy Pods Resources */ = {
			isa = PBXShellScriptBuildPhase;
			buildActionMask = 2147483647;
			files = (
			);
			inputPaths = (
			);
			name = "[CP] Copy Pods Resources";
			outputPaths = (
			);
			runOnlyForDeploymentPostprocessing = 0;
			shellPath = /bin/sh;
			shellScript = "\"${SRCROOT}/Pods/Target Support Files/Pods-Collabboard/Pods-Collabboard-resources.sh\"\n";
			showEnvVarsInLog = 0;
		};
		6D9149C2C995F3B2D4B0289E /* [CP] Embed Pods Frameworks */ = {
			isa = PBXShellScriptBuildPhase;
			buildActionMask = 2147483647;
			files = (
			);
			inputPaths = (
			);
			name = "[CP] Embed Pods Frameworks";
			outputPaths = (
			);
			runOnlyForDeploymentPostprocessing = 0;
			shellPath = /bin/sh;
			shellScript = "\"${SRCROOT}/Pods/Target Support Files/Pods-Collabboard/Pods-Collabboard-frameworks.sh\"\n";
			showEnvVarsInLog = 0;
		};
		8D759DD21C3FE70900E793B6 /* Fabric run */ = {
			isa = PBXShellScriptBuildPhase;
			buildActionMask = 2147483647;
			files = (
			);
			inputPaths = (
			);
			name = "Fabric run";
			outputPaths = (
			);
			runOnlyForDeploymentPostprocessing = 0;
			shellPath = /bin/sh;
			shellScript = "\"${PODS_ROOT}/Fabric/run\" 32dc190aeef47e3e7971889471a1b8779c32ad54 83f9580156b0b2a49d43c853be4c737e668a01d42e42436d24844f7e23e60019";
		};
		E01446F582D91E6CC4FF2B61 /* [CP] Check Pods Manifest.lock */ = {
			isa = PBXShellScriptBuildPhase;
			buildActionMask = 2147483647;
			files = (
			);
			inputPaths = (
			);
			name = "[CP] Check Pods Manifest.lock";
			outputPaths = (
			);
			runOnlyForDeploymentPostprocessing = 0;
			shellPath = /bin/sh;
			shellScript = "diff \"${PODS_ROOT}/../Podfile.lock\" \"${PODS_ROOT}/Manifest.lock\" > /dev/null\nif [ $? != 0 ] ; then\n    # print error to STDERR\n    echo \"error: The sandbox is not in sync with the Podfile.lock. Run 'pod install' or update your CocoaPods installation.\" >&2\n    exit 1\nfi\n";
			showEnvVarsInLog = 0;
		};
/* End PBXShellScriptBuildPhase section */

/* Begin PBXSourcesBuildPhase section */
		8DAD0D761D12AB8D00E7782A /* Sources */ = {
			isa = PBXSourcesBuildPhase;
			buildActionMask = 2147483647;
			files = (
				8DAD0D7D1D12AB8D00E7782A /* CollabboardTests.swift in Sources */,
			);
			runOnlyForDeploymentPostprocessing = 0;
		};
		AC307FEF1BF1F69300C28D5D /* Sources */ = {
			isa = PBXSourcesBuildPhase;
			buildActionMask = 2147483647;
			files = (
				8D91FD091C6B31650088F0FA /* TouchThroughView.swift in Sources */,
				8DA5F3E41CF9C4EE00A37E33 /* GetStartedView.swift in Sources */,
				8D058ADE1C17314F00A2D076 /* Point.swift in Sources */,
				8D91F2C11C7B38C3001D6A4E /* ColorGenerator.swift in Sources */,
				8DA5F3E01CF9BCB900A37E33 /* WelcomView.swift in Sources */,
				8DCD90651D1167E400E36D7E /* AdditionFooterView.swift in Sources */,
				8D13B4F61C1ACAC6005F7325 /* Constants.swift in Sources */,
				8D6DF5731CE8BC51008B7E95 /* Storyboard.swift in Sources */,
				8D11201A1C1ED23F000E041B /* TeamTableViewController.swift in Sources */,
				8DBD195B1C15CDEC0073BE8B /* Team.swift in Sources */,
				8D70D6911CF0BABE00B3754D /* OnboardingViewController.swift in Sources */,
				8D0D6DC41C441AF10018CE41 /* ColorGenerationViewController.swift in Sources */,
				8D7FCC6E1D09691300C9485F /* TeamTableViewCell.swift in Sources */,
				AC778DE91BF1F86E00669BD7 /* DrawableView.swift in Sources */,
				AC307FF91BF1F69300C28D5D /* ViewController.swift in Sources */,
				8D91FD051C6876E20088F0FA /* CBFirebase.swift in Sources */,
				8D008E401CF07C4700005B59 /* DFTextField.swift in Sources */,
				AC307FF71BF1F69300C28D5D /* AppDelegate.swift in Sources */,
				8D2456A41D156BAB0071FC49 /* DFButton.swift in Sources */,
				8DD8976E1C19760E007DA303 /* DrawingPath.swift in Sources */,
				8D05D6751C187963008B7A7E /* Drawing.swift in Sources */,
				8DBD194C1C15CAC50073BE8B /* Project.swift in Sources */,
				8D3CF1931C159514006D23C7 /* UIBezierPathExtension.swift in Sources */,
				8DB6D07D1CDF526100B73529 /* ToolsViewController.swift in Sources */,
				8D485B1C1CE9B39400465E69 /* Color.swift in Sources */,
				8D11201E1C1EFEB9000E041B /* ProjectTableViewController.swift in Sources */,
				8DBAEFA01D16E83C006ABCE9 /* Text.swift in Sources */,
				8DCD906B1D118BB700E36D7E /* ProjectCreationViewController.swift in Sources */,
				8D7FCC6A1D09690300C9485F /* ProjectTableViewCell.swift in Sources */,
				8DD2367A1CFAFC1A00B7C8B6 /* Font.swift in Sources */,
				8D9679CE1C453603009B2299 /* TeamCreationViewController.swift in Sources */,
				8DEB6EEB1C2060D200B9BF9F /* UserTeamColor.swift in Sources */,
				8D2F0CBB1D0EEDFC0065B7CF /* UserTableViewCell.swift in Sources */,
				8D017A041CEB9A03008B7B9D /* FirstTeamCreationViewController.swift in Sources */,
				8DBD195D1C15D1C60073BE8B /* User.swift in Sources */,
				8D4981E81C65EC6700BC6067 /* ConnectedUsersTableViewController.swift in Sources */,
				8D6DF5721CE8BC51008B7E95 /* Images.swift in Sources */,
				8DE74F491C21A97800B60F0D /* DrawableScrollView.swift in Sources */,
				8D017A061CEB9A8E008B7B9D /* UserConfigurationViewController.swift in Sources */,
				8D91FD0B1C6B5AD60088F0FA /* DrawableTextView.swift in Sources */,
			);
			runOnlyForDeploymentPostprocessing = 0;
		};
/* End PBXSourcesBuildPhase section */

/* Begin PBXTargetDependency section */
		8DAD0D801D12AB8D00E7782A /* PBXTargetDependency */ = {
			isa = PBXTargetDependency;
			target = AC307FF21BF1F69300C28D5D /* Collabboard */;
			targetProxy = 8DAD0D7F1D12AB8D00E7782A /* PBXContainerItemProxy */;
		};
/* End PBXTargetDependency section */

/* Begin PBXVariantGroup section */
		8D9679C81C4535B8009B2299 /* CreationStoryboard.storyboard */ = {
			isa = PBXVariantGroup;
			children = (
				8D9679C91C4535B8009B2299 /* Base */,
			);
			name = CreationStoryboard.storyboard;
			sourceTree = "<group>";
		};
		AC307FFA1BF1F69300C28D5D /* Main.storyboard */ = {
			isa = PBXVariantGroup;
			children = (
				AC307FFB1BF1F69300C28D5D /* Base */,
			);
			name = Main.storyboard;
			sourceTree = "<group>";
		};
		AC307FFF1BF1F69300C28D5D /* LaunchScreen.storyboard */ = {
			isa = PBXVariantGroup;
			children = (
				AC3080001BF1F69300C28D5D /* Base */,
			);
			name = LaunchScreen.storyboard;
			sourceTree = "<group>";
		};
/* End PBXVariantGroup section */

/* Begin XCBuildConfiguration section */
		8DAD0D811D12AB8D00E7782A /* Debug */ = {
			isa = XCBuildConfiguration;
			buildSettings = {
				BUNDLE_LOADER = "$(TEST_HOST)";
				CLANG_ANALYZER_NONNULL = YES;
				DEBUG_INFORMATION_FORMAT = dwarf;
				INFOPLIST_FILE = CollabboardTests/Info.plist;
				IPHONEOS_DEPLOYMENT_TARGET = 9.3;
				LD_RUNPATH_SEARCH_PATHS = "$(inherited) @executable_path/Frameworks @loader_path/Frameworks";
				PRODUCT_BUNDLE_IDENTIFIER = com.abarbier.CollabboardTests;
				PRODUCT_NAME = "$(TARGET_NAME)";
				SWIFT_VERSION = 3.0;
				TEST_HOST = "$(BUILT_PRODUCTS_DIR)/Collabboard.app/Collabboard";
			};
			name = Debug;
		};
		8DAD0D821D12AB8D00E7782A /* Release */ = {
			isa = XCBuildConfiguration;
			buildSettings = {
				BUNDLE_LOADER = "$(TEST_HOST)";
				CLANG_ANALYZER_NONNULL = YES;
				INFOPLIST_FILE = CollabboardTests/Info.plist;
				IPHONEOS_DEPLOYMENT_TARGET = 9.3;
				LD_RUNPATH_SEARCH_PATHS = "$(inherited) @executable_path/Frameworks @loader_path/Frameworks";
				PRODUCT_BUNDLE_IDENTIFIER = com.abarbier.CollabboardTests;
				PRODUCT_NAME = "$(TARGET_NAME)";
				SWIFT_VERSION = 3.0;
				TEST_HOST = "$(BUILT_PRODUCTS_DIR)/Collabboard.app/Collabboard";
			};
			name = Release;
		};
		AC3080031BF1F69300C28D5D /* Debug */ = {
			isa = XCBuildConfiguration;
			buildSettings = {
				ALWAYS_SEARCH_USER_PATHS = NO;
				CLANG_CXX_LANGUAGE_STANDARD = "gnu++0x";
				CLANG_CXX_LIBRARY = "libc++";
				CLANG_ENABLE_MODULES = YES;
				CLANG_ENABLE_OBJC_ARC = YES;
				CLANG_WARN_BOOL_CONVERSION = YES;
				CLANG_WARN_CONSTANT_CONVERSION = YES;
				CLANG_WARN_DIRECT_OBJC_ISA_USAGE = YES_ERROR;
				CLANG_WARN_EMPTY_BODY = YES;
				CLANG_WARN_ENUM_CONVERSION = YES;
				CLANG_WARN_INFINITE_RECURSION = YES;
				CLANG_WARN_INT_CONVERSION = YES;
				CLANG_WARN_OBJC_ROOT_CLASS = YES_ERROR;
				CLANG_WARN_SUSPICIOUS_MOVE = YES;
				CLANG_WARN_UNREACHABLE_CODE = YES;
				CLANG_WARN__DUPLICATE_METHOD_MATCH = YES;
				"CODE_SIGN_IDENTITY[sdk=iphoneos*]" = "iPhone Developer";
				COPY_PHASE_STRIP = NO;
				CURRENT_PROJECT_VERSION = 66;
				DEBUG_INFORMATION_FORMAT = "dwarf-with-dsym";
				ENABLE_STRICT_OBJC_MSGSEND = YES;
				ENABLE_TESTABILITY = YES;
				GCC_C_LANGUAGE_STANDARD = gnu99;
				GCC_DYNAMIC_NO_PIC = NO;
				GCC_NO_COMMON_BLOCKS = YES;
				GCC_OPTIMIZATION_LEVEL = 0;
				GCC_PREPROCESSOR_DEFINITIONS = (
					"DEBUG=1",
					"$(inherited)",
				);
				GCC_WARN_64_TO_32_BIT_CONVERSION = YES;
				GCC_WARN_ABOUT_RETURN_TYPE = YES_ERROR;
				GCC_WARN_UNDECLARED_SELECTOR = YES;
				GCC_WARN_UNINITIALIZED_AUTOS = YES_AGGRESSIVE;
				GCC_WARN_UNUSED_FUNCTION = YES;
				GCC_WARN_UNUSED_VARIABLE = YES;
				IPHONEOS_DEPLOYMENT_TARGET = 9.0;
				MTL_ENABLE_DEBUG_INFO = YES;
				ONLY_ACTIVE_ARCH = YES;
				SDKROOT = iphoneos;
				SWIFT_OPTIMIZATION_LEVEL = "-Onone";
				TARGETED_DEVICE_FAMILY = "1,2";
				VERSIONING_SYSTEM = "apple-generic";
			};
			name = Debug;
		};
		AC3080041BF1F69300C28D5D /* Release */ = {
			isa = XCBuildConfiguration;
			buildSettings = {
				ALWAYS_SEARCH_USER_PATHS = NO;
				CLANG_CXX_LANGUAGE_STANDARD = "gnu++0x";
				CLANG_CXX_LIBRARY = "libc++";
				CLANG_ENABLE_MODULES = YES;
				CLANG_ENABLE_OBJC_ARC = YES;
				CLANG_WARN_BOOL_CONVERSION = YES;
				CLANG_WARN_CONSTANT_CONVERSION = YES;
				CLANG_WARN_DIRECT_OBJC_ISA_USAGE = YES_ERROR;
				CLANG_WARN_EMPTY_BODY = YES;
				CLANG_WARN_ENUM_CONVERSION = YES;
				CLANG_WARN_INFINITE_RECURSION = YES;
				CLANG_WARN_INT_CONVERSION = YES;
				CLANG_WARN_OBJC_ROOT_CLASS = YES_ERROR;
				CLANG_WARN_SUSPICIOUS_MOVE = YES;
				CLANG_WARN_UNREACHABLE_CODE = YES;
				CLANG_WARN__DUPLICATE_METHOD_MATCH = YES;
				"CODE_SIGN_IDENTITY[sdk=iphoneos*]" = "iPhone Developer";
				COPY_PHASE_STRIP = NO;
				CURRENT_PROJECT_VERSION = 66;
				DEBUG_INFORMATION_FORMAT = "dwarf-with-dsym";
				ENABLE_NS_ASSERTIONS = NO;
				ENABLE_STRICT_OBJC_MSGSEND = YES;
				GCC_C_LANGUAGE_STANDARD = gnu99;
				GCC_NO_COMMON_BLOCKS = YES;
				GCC_WARN_64_TO_32_BIT_CONVERSION = YES;
				GCC_WARN_ABOUT_RETURN_TYPE = YES_ERROR;
				GCC_WARN_UNDECLARED_SELECTOR = YES;
				GCC_WARN_UNINITIALIZED_AUTOS = YES_AGGRESSIVE;
				GCC_WARN_UNUSED_FUNCTION = YES;
				GCC_WARN_UNUSED_VARIABLE = YES;
				IPHONEOS_DEPLOYMENT_TARGET = 9.0;
				MTL_ENABLE_DEBUG_INFO = NO;
				SDKROOT = iphoneos;
				SWIFT_OPTIMIZATION_LEVEL = "-Owholemodule";
				TARGETED_DEVICE_FAMILY = "1,2";
				VALIDATE_PRODUCT = YES;
				VERSIONING_SYSTEM = "apple-generic";
			};
			name = Release;
		};
		AC3080061BF1F69300C28D5D /* Debug */ = {
			isa = XCBuildConfiguration;
			baseConfigurationReference = 48D02644EE54D2A559F65FF0 /* Pods-Collabboard.debug.xcconfig */;
			buildSettings = {
				ALWAYS_EMBED_SWIFT_STANDARD_LIBRARIES = YES;
				ASSETCATALOG_COMPILER_APPICON_NAME = AppIcon;
				CODE_SIGN_ENTITLEMENTS = Collabboard/Mentor.entitlements;
				CODE_SIGN_IDENTITY = "iPhone Developer";
				"CODE_SIGN_IDENTITY[sdk=iphoneos*]" = "iPhone Developer";
				CURRENT_PROJECT_VERSION = 66;
				DEVELOPMENT_TEAM = GSBM8D97ZM;
				FRAMEWORK_SEARCH_PATHS = (
					"$(inherited)",
					"$(PROJECT_DIR)",
				);
				INFOPLIST_FILE = "$(SRCROOT)/Collabboard/Info.plist";
				LD_RUNPATH_SEARCH_PATHS = "$(inherited) @executable_path/Frameworks";
				OTHER_SWIFT_FLAGS = "$(inherited)";
				PRODUCT_BUNDLE_IDENTIFIER = com.abarbier.draftlink;
				PRODUCT_NAME = "$(TARGET_NAME)";
				PROVISIONING_PROFILE = "";
				SWIFT_VERSION = 3.0;
			};
			name = Debug;
		};
		AC3080071BF1F69300C28D5D /* Release */ = {
			isa = XCBuildConfiguration;
			baseConfigurationReference = ADAF43C211E74118C7C52F2B /* Pods-Collabboard.release.xcconfig */;
			buildSettings = {
				ALWAYS_EMBED_SWIFT_STANDARD_LIBRARIES = YES;
				ASSETCATALOG_COMPILER_APPICON_NAME = AppIcon;
				CODE_SIGN_ENTITLEMENTS = Collabboard/Mentor.entitlements;
				CODE_SIGN_IDENTITY = "iPhone Developer";
				"CODE_SIGN_IDENTITY[sdk=iphoneos*]" = "iPhone Developer";
				CURRENT_PROJECT_VERSION = 66;
				DEVELOPMENT_TEAM = GSBM8D97ZM;
				FRAMEWORK_SEARCH_PATHS = (
					"$(inherited)",
					"$(PROJECT_DIR)",
				);
				INFOPLIST_FILE = "$(SRCROOT)/Collabboard/Info.plist";
				LD_RUNPATH_SEARCH_PATHS = "$(inherited) @executable_path/Frameworks";
				OTHER_SWIFT_FLAGS = "$(inherited)";
				PRODUCT_BUNDLE_IDENTIFIER = com.abarbier.draftlink;
				PRODUCT_NAME = "$(TARGET_NAME)";
				PROVISIONING_PROFILE = "";
				SWIFT_VERSION = 3.0;
			};
			name = Release;
		};
/* End XCBuildConfiguration section */

/* Begin XCConfigurationList section */
		8DAD0D851D12AB8D00E7782A /* Build configuration list for PBXNativeTarget "CollabboardTests" */ = {
			isa = XCConfigurationList;
			buildConfigurations = (
				8DAD0D811D12AB8D00E7782A /* Debug */,
				8DAD0D821D12AB8D00E7782A /* Release */,
			);
			defaultConfigurationIsVisible = 0;
			defaultConfigurationName = Release;
		};
		AC307FEE1BF1F69300C28D5D /* Build configuration list for PBXProject "Collabboard" */ = {
			isa = XCConfigurationList;
			buildConfigurations = (
				AC3080031BF1F69300C28D5D /* Debug */,
				AC3080041BF1F69300C28D5D /* Release */,
			);
			defaultConfigurationIsVisible = 0;
			defaultConfigurationName = Release;
		};
		AC3080051BF1F69300C28D5D /* Build configuration list for PBXNativeTarget "Collabboard" */ = {
			isa = XCConfigurationList;
			buildConfigurations = (
				AC3080061BF1F69300C28D5D /* Debug */,
				AC3080071BF1F69300C28D5D /* Release */,
			);
			defaultConfigurationIsVisible = 0;
			defaultConfigurationName = Release;
		};
/* End XCConfigurationList section */
	};
	rootObject = AC307FEB1BF1F69300C28D5D /* Project object */;
}
